// !$*UTF8*$!
{
	archiveVersion = 1;
	classes = {
	};
	objectVersion = 46;
	objects = {

/* Begin PBXBuildFile section */
		1A6F9B3B5C6F680676B19AE2 /* libPods-小奥新版.a in Frameworks */ = {isa = PBXBuildFile; fileRef = E0B22A62BF581736403C8833 /* libPods-小奥新版.a */; };
		C14CE5F31EA88584007AE1AE /* ConnectViewController.m in Sources */ = {isa = PBXBuildFile; fileRef = C14CE5F11EA88584007AE1AE /* ConnectViewController.m */; };
		C14CE5F41EA88584007AE1AE /* ConnectView.xib in Resources */ = {isa = PBXBuildFile; fileRef = C14CE5F21EA88584007AE1AE /* ConnectView.xib */; };
		C14CE5F71EA887CA007AE1AE /* ConnectView.m in Sources */ = {isa = PBXBuildFile; fileRef = C14CE5F61EA887CA007AE1AE /* ConnectView.m */; };
		C18379FC1ECD3B9F0072976C /* SiriViewController.m in Sources */ = {isa = PBXBuildFile; fileRef = C18379FB1ECD3B9F0072976C /* SiriViewController.m */; };
		C18379FF1ECD71970072976C /* HelpView.xib in Resources */ = {isa = PBXBuildFile; fileRef = C18379FE1ECD71970072976C /* HelpView.xib */; };
		C1837A011ECD74C10072976C /* HelpView.m in Sources */ = {isa = PBXBuildFile; fileRef = C1837A001ECD74C10072976C /* HelpView.m */; };
		C18786E91EC3EEEA00955499 /* VoiceView.m in Sources */ = {isa = PBXBuildFile; fileRef = C18786E81EC3EEEA00955499 /* VoiceView.m */; };
		C18786EC1EC3F83700955499 /* VoiceViewController.mm in Sources */ = {isa = PBXBuildFile; fileRef = C18786EB1EC3F83700955499 /* VoiceViewController.mm */; };
		C18786EF1EC40EC500955499 /* VoiceViewModel.m in Sources */ = {isa = PBXBuildFile; fileRef = C18786EE1EC40EC500955499 /* VoiceViewModel.m */; };
		C18786F31EC42E3B00955499 /* DataStore.m in Sources */ = {isa = PBXBuildFile; fileRef = C18786F21EC42E3B00955499 /* DataStore.m */; };
		C18786F61EC4521900955499 /* HuntingView.m in Sources */ = {isa = PBXBuildFile; fileRef = C18786F51EC4521900955499 /* HuntingView.m */; };
		C18786F91EC4554C00955499 /* HuntingViewModel.m in Sources */ = {isa = PBXBuildFile; fileRef = C18786F81EC4554C00955499 /* HuntingViewModel.m */; };
		C18786FC1EC45C0400955499 /* HuntingViewController.m in Sources */ = {isa = PBXBuildFile; fileRef = C18786FB1EC45C0400955499 /* HuntingViewController.m */; };
		C189C64A1EE7F4DE00457055 /* HandleSlider.xib in Resources */ = {isa = PBXBuildFile; fileRef = C189C6491EE7F4DE00457055 /* HandleSlider.xib */; };
		C189C64D1EE7F79600457055 /* HandleSlider.m in Sources */ = {isa = PBXBuildFile; fileRef = C189C64C1EE7F79600457055 /* HandleSlider.m */; };
		C189C6501EE7FC6F00457055 /* SteeringWheel.m in Sources */ = {isa = PBXBuildFile; fileRef = C189C64F1EE7FC6F00457055 /* SteeringWheel.m */; };
		C18DCF771EC2B15C003AD61B /* ExpressionViewController.m in Sources */ = {isa = PBXBuildFile; fileRef = C18DCF761EC2B15C003AD61B /* ExpressionViewController.m */; };
		C18DCF7A1EC2B7E2003AD61B /* ExpressionViewModel.m in Sources */ = {isa = PBXBuildFile; fileRef = C18DCF791EC2B7E2003AD61B /* ExpressionViewModel.m */; };
		C18DCF7D1EC3148A003AD61B /* VoiceView.xib in Resources */ = {isa = PBXBuildFile; fileRef = C18DCF7C1EC3148A003AD61B /* VoiceView.xib */; };
		C18DCF801EC31842003AD61B /* HuntingView.xib in Resources */ = {isa = PBXBuildFile; fileRef = C18DCF7F1EC31842003AD61B /* HuntingView.xib */; };
		C18E515B1EE67BE400857FA7 /* ScenarioSimulation.xib in Resources */ = {isa = PBXBuildFile; fileRef = C18E515A1EE67BE400857FA7 /* ScenarioSimulation.xib */; };
		C18E515E1EE67C2F00857FA7 /* ScenarioSimulation.m in Sources */ = {isa = PBXBuildFile; fileRef = C18E515D1EE67C2F00857FA7 /* ScenarioSimulation.m */; };
		C18E51641EE6A05800857FA7 /* SerialGATT.m in Sources */ = {isa = PBXBuildFile; fileRef = C18E51611EE6A05800857FA7 /* SerialGATT.m */; };
		C18E51651EE6A05800857FA7 /* XYSerialManage.m in Sources */ = {isa = PBXBuildFile; fileRef = C18E51631EE6A05800857FA7 /* XYSerialManage.m */; };
		C18E51691EE6ABE200857FA7 /* OperationController.m in Sources */ = {isa = PBXBuildFile; fileRef = C18E51681EE6ABE200857FA7 /* OperationController.m */; };
		C18E516C1EE6AD7600857FA7 /* OperationView.m in Sources */ = {isa = PBXBuildFile; fileRef = C18E516B1EE6AD7600857FA7 /* OperationView.m */; };
		C18E516E1EE6ADAE00857FA7 /* OperationView.xib in Resources */ = {isa = PBXBuildFile; fileRef = C18E516D1EE6ADAE00857FA7 /* OperationView.xib */; };
		C18F59BC1EBC3E0E00D16CA7 /* SetingViewController.m in Sources */ = {isa = PBXBuildFile; fileRef = C18F59BB1EBC3E0E00D16CA7 /* SetingViewController.m */; };
		C18F59BF1EBC692900D16CA7 /* SetingViewModel.m in Sources */ = {isa = PBXBuildFile; fileRef = C18F59BE1EBC692900D16CA7 /* SetingViewModel.m */; };
		C19228121EA5B62300B0166D /* main.m in Sources */ = {isa = PBXBuildFile; fileRef = C19228111EA5B62300B0166D /* main.m */; };
		C19228151EA5B62300B0166D /* AppDelegate.m in Sources */ = {isa = PBXBuildFile; fileRef = C19228141EA5B62300B0166D /* AppDelegate.m */; };
		C19228181EA5B62300B0166D /* MainViewController.m in Sources */ = {isa = PBXBuildFile; fileRef = C19228171EA5B62300B0166D /* MainViewController.m */; };
		C192281B1EA5B62300B0166D /* Main.storyboard in Resources */ = {isa = PBXBuildFile; fileRef = C19228191EA5B62300B0166D /* Main.storyboard */; };
		C192281D1EA5B62300B0166D /* Assets.xcassets in Resources */ = {isa = PBXBuildFile; fileRef = C192281C1EA5B62300B0166D /* Assets.xcassets */; };
		C19228201EA5B62300B0166D /* LaunchScreen.storyboard in Resources */ = {isa = PBXBuildFile; fileRef = C192281E1EA5B62300B0166D /* LaunchScreen.storyboard */; };
		C192282B1EA5B62400B0166D /* ____Tests.m in Sources */ = {isa = PBXBuildFile; fileRef = C192282A1EA5B62400B0166D /* ____Tests.m */; };
		C19228361EA5B62400B0166D /* ____UITests.m in Sources */ = {isa = PBXBuildFile; fileRef = C19228351EA5B62400B0166D /* ____UITests.m */; };
		C19228491EA5C3E500B0166D /* MainView.xib in Resources */ = {isa = PBXBuildFile; fileRef = C19228481EA5C3E500B0166D /* MainView.xib */; };
		C192284B1EA5C4D000B0166D /* HeadView.xib in Resources */ = {isa = PBXBuildFile; fileRef = C192284A1EA5C4CF00B0166D /* HeadView.xib */; };
		C19228511EA5C54200B0166D /* MainView.m in Sources */ = {isa = PBXBuildFile; fileRef = C19228501EA5C54200B0166D /* MainView.m */; };
		C19228541EA5EA9400B0166D /* HeadView.m in Sources */ = {isa = PBXBuildFile; fileRef = C19228531EA5EA9400B0166D /* HeadView.m */; };
		C19228571EA5FD6900B0166D /* iCarousel.m in Sources */ = {isa = PBXBuildFile; fileRef = C19228561EA5FD6900B0166D /* iCarousel.m */; };
		C192285A1EA617DF00B0166D /* NSMutableArray+Queue.m in Sources */ = {isa = PBXBuildFile; fileRef = C19228591EA617DF00B0166D /* NSMutableArray+Queue.m */; };
		C192285D1EA6188C00B0166D /* MainViewModel.m in Sources */ = {isa = PBXBuildFile; fileRef = C192285C1EA6188C00B0166D /* MainViewModel.m */; };
		C1937D661EC55235007EC7B7 /* SiriView.m in Sources */ = {isa = PBXBuildFile; fileRef = C1937D651EC55235007EC7B7 /* SiriView.m */; };
		C19421ED1EBD604900220B8B /* FaceView.m in Sources */ = {isa = PBXBuildFile; fileRef = C19421E81EBD604900220B8B /* FaceView.m */; };
		C19421EE1EBD604900220B8B /* LittleItem.m in Sources */ = {isa = PBXBuildFile; fileRef = C19421EA1EBD604900220B8B /* LittleItem.m */; };
		C19421F21EBD617F00220B8B /* EditFaceView.m in Sources */ = {isa = PBXBuildFile; fileRef = C19421F11EBD617F00220B8B /* EditFaceView.m */; };
		C19421F41EBD61B200220B8B /* EditFaceView.xib in Resources */ = {isa = PBXBuildFile; fileRef = C19421F31EBD61B200220B8B /* EditFaceView.xib */; };
		C19421F71EBD699100220B8B /* EditFaceViewController.m in Sources */ = {isa = PBXBuildFile; fileRef = C19421F61EBD699100220B8B /* EditFaceViewController.m */; };
		C19421FA1EBD7B4B00220B8B /* EditFaceViewModel.m in Sources */ = {isa = PBXBuildFile; fileRef = C19421F91EBD7B4B00220B8B /* EditFaceViewModel.m */; };
		C19421FD1EBDA69600220B8B /* DrawingView.xib in Resources */ = {isa = PBXBuildFile; fileRef = C19421FC1EBDA69600220B8B /* DrawingView.xib */; };
		C19422001EBDA73800220B8B /* DrawingView.m in Sources */ = {isa = PBXBuildFile; fileRef = C19421FF1EBDA73800220B8B /* DrawingView.m */; };
		C19422091EBDBF8300220B8B /* XYDirectionCalculate.c in Sources */ = {isa = PBXBuildFile; fileRef = C19422011EBDBF8300220B8B /* XYDirectionCalculate.c */; };
		C194220A1EBDBF8300220B8B /* CanvasLayer.m in Sources */ = {isa = PBXBuildFile; fileRef = C19422041EBDBF8300220B8B /* CanvasLayer.m */; };
		C194220B1EBDBF8300220B8B /* HMView.m in Sources */ = {isa = PBXBuildFile; fileRef = C19422061EBDBF8300220B8B /* HMView.m */; };
		C194220C1EBDBF8300220B8B /* HMBezierPath.m in Sources */ = {isa = PBXBuildFile; fileRef = C19422081EBDBF8300220B8B /* HMBezierPath.m */; };
		C19422101EBDC14F00220B8B /* DrawingViewController.m in Sources */ = {isa = PBXBuildFile; fileRef = C194220F1EBDC14F00220B8B /* DrawingViewController.m */; };
		C19802DD1EE8FE51006E0855 /* SaveOpration.xib in Resources */ = {isa = PBXBuildFile; fileRef = C19802DC1EE8FE51006E0855 /* SaveOpration.xib */; };
		C19849031EAF1B43006F3625 /* MessageRoute.m in Sources */ = {isa = PBXBuildFile; fileRef = C19849021EAF1B43006F3625 /* MessageRoute.m */; };
		C19964F81EE4EBCB00650FC7 /* FindMapView.xib in Resources */ = {isa = PBXBuildFile; fileRef = C19964F71EE4EBCB00650FC7 /* FindMapView.xib */; };
		C19964FA1EE4EC1700650FC7 /* FindMapView.m in Sources */ = {isa = PBXBuildFile; fileRef = C19964F91EE4EC1700650FC7 /* FindMapView.m */; };
		C19964FE1EE4F68000650FC7 /* FindMapViewController.m in Sources */ = {isa = PBXBuildFile; fileRef = C19964FD1EE4F68000650FC7 /* FindMapViewController.m */; };
		C19965011EE51FC900650FC7 /* DrawLine.m in Sources */ = {isa = PBXBuildFile; fileRef = C19965001EE51FC900650FC7 /* DrawLine.m */; };
		C19B14AE1EBB285B00CB9B86 /* SetingView.xib in Resources */ = {isa = PBXBuildFile; fileRef = C19B14AD1EBB285B00CB9B86 /* SetingView.xib */; };
		C19CE7D21ECBE907007091B5 /* NetWork.m in Sources */ = {isa = PBXBuildFile; fileRef = C19CE7D11ECBE907007091B5 /* NetWork.m */; };
		C19CE7D41ECC2759007091B5 /* BDVoiceRecognitionClientResources in Resources */ = {isa = PBXBuildFile; fileRef = C19CE7D31ECC2759007091B5 /* BDVoiceRecognitionClientResources */; };
		C19CE7FA1ECC27BE007091B5 /* VoicesViewController.mm in Sources */ = {isa = PBXBuildFile; fileRef = C19CE7D71ECC27BE007091B5 /* VoicesViewController.mm */; };
		C19CE7FB1ECC27BE007091B5 /* BDVRSConfig.m in Sources */ = {isa = PBXBuildFile; fileRef = C19CE7D91ECC27BE007091B5 /* BDVRSConfig.m */; settings = {COMPILER_FLAGS = "-fno-objc-arc"; }; };
		C19CE7FC1ECC27BE007091B5 /* CADebugMacros.cpp in Sources */ = {isa = PBXBuildFile; fileRef = C19CE7DC1ECC27BE007091B5 /* CADebugMacros.cpp */; };
		C19CE7FD1ECC27BE007091B5 /* CAStreamBasicDescription.cpp in Sources */ = {isa = PBXBuildFile; fileRef = C19CE7DF1ECC27BE007091B5 /* CAStreamBasicDescription.cpp */; };
		C19CE7FE1ECC27BE007091B5 /* CAXException.cpp in Sources */ = {isa = PBXBuildFile; fileRef = C19CE7E11ECC27BE007091B5 /* CAXException.cpp */; };
		C19CE7FF1ECC27BE007091B5 /* s_1 in Resources */ = {isa = PBXBuildFile; fileRef = C19CE7E41ECC27BE007091B5 /* s_1 */; };
		C19CE8001ECC27BE007091B5 /* s_2_InputMethod in Resources */ = {isa = PBXBuildFile; fileRef = C19CE7E51ECC27BE007091B5 /* s_2_InputMethod */; };
		C19CE8011ECC27BE007091B5 /* s_2_Navi in Resources */ = {isa = PBXBuildFile; fileRef = C19CE7E61ECC27BE007091B5 /* s_2_Navi */; };
		C19CE8021ECC27BE007091B5 /* bdasr_temp_license.dat in Resources */ = {isa = PBXBuildFile; fileRef = C19CE7E81ECC27BE007091B5 /* bdasr_temp_license.dat */; };
		C19CE8031ECC27BE007091B5 /* TTTAttributedLabel.m in Sources */ = {isa = PBXBuildFile; fileRef = C19CE7EB1ECC27BE007091B5 /* TTTAttributedLabel.m */; settings = {COMPILER_FLAGS = "-fno-objc-arc"; }; };
		C19CE8041ECC27BE007091B5 /* libBDVoiceRecognitionClient.a in Frameworks */ = {isa = PBXBuildFile; fileRef = C19CE7ED1ECC27BE007091B5 /* libBDVoiceRecognitionClient.a */; };
		C19CE8051ECC27BE007091B5 /* NSMutableArray+Queue.m in Sources */ = {isa = PBXBuildFile; fileRef = C19CE7F91ECC27BE007091B5 /* NSMutableArray+Queue.m */; };
		C19CE8071ECC28A3007091B5 /* CoreTelephony.framework in Frameworks */ = {isa = PBXBuildFile; fileRef = C19CE8061ECC28A3007091B5 /* CoreTelephony.framework */; };
		C19CE8091ECC28BA007091B5 /* CoreText.framework in Frameworks */ = {isa = PBXBuildFile; fileRef = C19CE8081ECC28BA007091B5 /* CoreText.framework */; };
		C19CE80B1ECC28C6007091B5 /* GLKit.framework in Frameworks */ = {isa = PBXBuildFile; fileRef = C19CE80A1ECC28C6007091B5 /* GLKit.framework */; };
		C19CE80D1ECC28D8007091B5 /* QuartzCore.framework in Frameworks */ = {isa = PBXBuildFile; fileRef = C19CE80C1ECC28D8007091B5 /* QuartzCore.framework */; };
		C19CE80F1ECC28E5007091B5 /* OpenGLES.framework in Frameworks */ = {isa = PBXBuildFile; fileRef = C19CE80E1ECC28E5007091B5 /* OpenGLES.framework */; };
		C19CE8111ECC28F2007091B5 /* CoreLocation.framework in Frameworks */ = {isa = PBXBuildFile; fileRef = C19CE8101ECC28F2007091B5 /* CoreLocation.framework */; };
		C19CE8131ECC28FD007091B5 /* CFNetwork.framework in Frameworks */ = {isa = PBXBuildFile; fileRef = C19CE8121ECC28FD007091B5 /* CFNetwork.framework */; };
		C19CE8151ECC290D007091B5 /* libz.1.tbd in Frameworks */ = {isa = PBXBuildFile; fileRef = C19CE8141ECC290D007091B5 /* libz.1.tbd */; };
		C19CE8171ECC2916007091B5 /* Security.framework in Frameworks */ = {isa = PBXBuildFile; fileRef = C19CE8161ECC2916007091B5 /* Security.framework */; };
		C19CE8191ECC2925007091B5 /* SystemConfiguration.framework in Frameworks */ = {isa = PBXBuildFile; fileRef = C19CE8181ECC2925007091B5 /* SystemConfiguration.framework */; };
		C19CE81B1ECC292D007091B5 /* AVFoundation.framework in Frameworks */ = {isa = PBXBuildFile; fileRef = C19CE81A1ECC292D007091B5 /* AVFoundation.framework */; };
		C19CE81D1ECC293E007091B5 /* AudioToolbox.framework in Frameworks */ = {isa = PBXBuildFile; fileRef = C19CE81C1ECC293E007091B5 /* AudioToolbox.framework */; };
		C1A156CA1EC185B600E1090B /* DrawingViewModel.m in Sources */ = {isa = PBXBuildFile; fileRef = C1A156C91EC185B600E1090B /* DrawingViewModel.m */; };
		C1A156CD1EC1BD0800E1090B /* ExpressionView.xib in Resources */ = {isa = PBXBuildFile; fileRef = C1A156CC1EC1BD0800E1090B /* ExpressionView.xib */; };
		C1A156D01EC1BD1E00E1090B /* ExpressionView.m in Sources */ = {isa = PBXBuildFile; fileRef = C1A156CF1EC1BD1E00E1090B /* ExpressionView.m */; };
		C1A409811EB9821300874B8F /* MModel.m in Sources */ = {isa = PBXBuildFile; fileRef = C1A4097E1EB9821300874B8F /* MModel.m */; };
		C1A409821EB9821300874B8F /* MModel+test.m in Sources */ = {isa = PBXBuildFile; fileRef = C1A409801EB9821300874B8F /* MModel+test.m */; };
		C1A409861EB9828C00874B8F /* HYXMLParser.m in Sources */ = {isa = PBXBuildFile; fileRef = C1A409841EB9828C00874B8F /* HYXMLParser.m */; };
		C1A409891EB987F500874B8F /* NSNull+Safe.m in Sources */ = {isa = PBXBuildFile; fileRef = C1A409881EB987F500874B8F /* NSNull+Safe.m */; };
		C1A4098C1EB9A6C000874B8F /* Route.m in Sources */ = {isa = PBXBuildFile; fileRef = C1A4098B1EB9A6C000874B8F /* Route.m */; };
		C1A409901EB9C03000874B8F /* NSArray+Safe.m in Sources */ = {isa = PBXBuildFile; fileRef = C1A4098F1EB9C03000874B8F /* NSArray+Safe.m */; };
		C1A409941EB9C41500874B8F /* SetingView.m in Sources */ = {isa = PBXBuildFile; fileRef = C1A409931EB9C41500874B8F /* SetingView.m */; };
		C1FB193D1ECAA7520014830B /* SignInView.m in Sources */ = {isa = PBXBuildFile; fileRef = C1FB193B1ECAA7520014830B /* SignInView.m */; };
		C1FB193E1ECAA7520014830B /* SignInView.xib in Resources */ = {isa = PBXBuildFile; fileRef = C1FB193C1ECAA7520014830B /* SignInView.xib */; };
		C1FB19411ECAA7DF0014830B /* SignInViewModel.m in Sources */ = {isa = PBXBuildFile; fileRef = C1FB19401ECAA7DF0014830B /* SignInViewModel.m */; };
/* End PBXBuildFile section */

/* Begin PBXContainerItemProxy section */
		C19228271EA5B62400B0166D /* PBXContainerItemProxy */ = {
			isa = PBXContainerItemProxy;
			containerPortal = C19228051EA5B62200B0166D /* Project object */;
			proxyType = 1;
			remoteGlobalIDString = C192280C1EA5B62300B0166D;
			remoteInfo = "小奥新版";
		};
		C19228321EA5B62400B0166D /* PBXContainerItemProxy */ = {
			isa = PBXContainerItemProxy;
			containerPortal = C19228051EA5B62200B0166D /* Project object */;
			proxyType = 1;
			remoteGlobalIDString = C192280C1EA5B62300B0166D;
			remoteInfo = "小奥新版";
		};
/* End PBXContainerItemProxy section */

/* Begin PBXFileReference section */
		1A3237C18474AC201208222F /* Pods-小奥新版.release.xcconfig */ = {isa = PBXFileReference; includeInIndex = 1; lastKnownFileType = text.xcconfig; name = "Pods-小奥新版.release.xcconfig"; path = "Pods/Target Support Files/Pods-小奥新版/Pods-小奥新版.release.xcconfig"; sourceTree = "<group>"; };
		C14CE5F01EA88584007AE1AE /* ConnectViewController.h */ = {isa = PBXFileReference; fileEncoding = 4; lastKnownFileType = sourcecode.c.h; path = ConnectViewController.h; sourceTree = "<group>"; };
		C14CE5F11EA88584007AE1AE /* ConnectViewController.m */ = {isa = PBXFileReference; fileEncoding = 4; lastKnownFileType = sourcecode.c.objc; path = ConnectViewController.m; sourceTree = "<group>"; };
		C14CE5F21EA88584007AE1AE /* ConnectView.xib */ = {isa = PBXFileReference; fileEncoding = 4; lastKnownFileType = file.xib; path = ConnectView.xib; sourceTree = "<group>"; };
		C14CE5F51EA887CA007AE1AE /* ConnectView.h */ = {isa = PBXFileReference; fileEncoding = 4; lastKnownFileType = sourcecode.c.h; path = ConnectView.h; sourceTree = "<group>"; };
		C14CE5F61EA887CA007AE1AE /* ConnectView.m */ = {isa = PBXFileReference; fileEncoding = 4; lastKnownFileType = sourcecode.c.objc; path = ConnectView.m; sourceTree = "<group>"; };
		C18379FA1ECD3B9F0072976C /* SiriViewController.h */ = {isa = PBXFileReference; fileEncoding = 4; lastKnownFileType = sourcecode.c.h; path = SiriViewController.h; sourceTree = "<group>"; };
		C18379FB1ECD3B9F0072976C /* SiriViewController.m */ = {isa = PBXFileReference; fileEncoding = 4; lastKnownFileType = sourcecode.c.objc; path = SiriViewController.m; sourceTree = "<group>"; };
		C18379FE1ECD71970072976C /* HelpView.xib */ = {isa = PBXFileReference; fileEncoding = 4; lastKnownFileType = file.xib; path = HelpView.xib; sourceTree = "<group>"; };
		C1837A001ECD74C10072976C /* HelpView.m */ = {isa = PBXFileReference; fileEncoding = 4; lastKnownFileType = sourcecode.c.objc; path = HelpView.m; sourceTree = "<group>"; };
		C1837A021ECD74E10072976C /* HelpView.h */ = {isa = PBXFileReference; lastKnownFileType = sourcecode.c.h; path = HelpView.h; sourceTree = "<group>"; };
		C18786E71EC3EEEA00955499 /* VoiceView.h */ = {isa = PBXFileReference; fileEncoding = 4; lastKnownFileType = sourcecode.c.h; path = VoiceView.h; sourceTree = "<group>"; };
		C18786E81EC3EEEA00955499 /* VoiceView.m */ = {isa = PBXFileReference; fileEncoding = 4; lastKnownFileType = sourcecode.c.objc; path = VoiceView.m; sourceTree = "<group>"; };
		C18786EA1EC3F83700955499 /* VoiceViewController.h */ = {isa = PBXFileReference; fileEncoding = 4; lastKnownFileType = sourcecode.c.h; path = VoiceViewController.h; sourceTree = "<group>"; };
		C18786EB1EC3F83700955499 /* VoiceViewController.mm */ = {isa = PBXFileReference; explicitFileType = sourcecode.cpp.objcpp; fileEncoding = 4; path = VoiceViewController.mm; sourceTree = "<group>"; };
		C18786ED1EC40EC500955499 /* VoiceViewModel.h */ = {isa = PBXFileReference; fileEncoding = 4; lastKnownFileType = sourcecode.c.h; path = VoiceViewModel.h; sourceTree = "<group>"; };
		C18786EE1EC40EC500955499 /* VoiceViewModel.m */ = {isa = PBXFileReference; fileEncoding = 4; lastKnownFileType = sourcecode.c.objc; path = VoiceViewModel.m; sourceTree = "<group>"; };
		C18786F11EC42E3B00955499 /* DataStore.h */ = {isa = PBXFileReference; fileEncoding = 4; lastKnownFileType = sourcecode.c.h; path = DataStore.h; sourceTree = "<group>"; };
		C18786F21EC42E3B00955499 /* DataStore.m */ = {isa = PBXFileReference; fileEncoding = 4; lastKnownFileType = sourcecode.c.objc; path = DataStore.m; sourceTree = "<group>"; };
		C18786F41EC4521900955499 /* HuntingView.h */ = {isa = PBXFileReference; fileEncoding = 4; lastKnownFileType = sourcecode.c.h; path = HuntingView.h; sourceTree = "<group>"; };
		C18786F51EC4521900955499 /* HuntingView.m */ = {isa = PBXFileReference; fileEncoding = 4; lastKnownFileType = sourcecode.c.objc; path = HuntingView.m; sourceTree = "<group>"; };
		C18786F71EC4554C00955499 /* HuntingViewModel.h */ = {isa = PBXFileReference; fileEncoding = 4; lastKnownFileType = sourcecode.c.h; path = HuntingViewModel.h; sourceTree = "<group>"; };
		C18786F81EC4554C00955499 /* HuntingViewModel.m */ = {isa = PBXFileReference; fileEncoding = 4; lastKnownFileType = sourcecode.c.objc; path = HuntingViewModel.m; sourceTree = "<group>"; };
		C18786FA1EC45C0400955499 /* HuntingViewController.h */ = {isa = PBXFileReference; fileEncoding = 4; lastKnownFileType = sourcecode.c.h; path = HuntingViewController.h; sourceTree = "<group>"; };
		C18786FB1EC45C0400955499 /* HuntingViewController.m */ = {isa = PBXFileReference; fileEncoding = 4; lastKnownFileType = sourcecode.c.objc; path = HuntingViewController.m; sourceTree = "<group>"; };
		C189C6491EE7F4DE00457055 /* HandleSlider.xib */ = {isa = PBXFileReference; fileEncoding = 4; lastKnownFileType = file.xib; path = HandleSlider.xib; sourceTree = "<group>"; };
		C189C64B1EE7F79600457055 /* HandleSlider.h */ = {isa = PBXFileReference; fileEncoding = 4; lastKnownFileType = sourcecode.c.h; path = HandleSlider.h; sourceTree = "<group>"; };
		C189C64C1EE7F79600457055 /* HandleSlider.m */ = {isa = PBXFileReference; fileEncoding = 4; lastKnownFileType = sourcecode.c.objc; path = HandleSlider.m; sourceTree = "<group>"; };
		C189C64E1EE7FC6F00457055 /* SteeringWheel.h */ = {isa = PBXFileReference; fileEncoding = 4; lastKnownFileType = sourcecode.c.h; path = SteeringWheel.h; sourceTree = "<group>"; };
		C189C64F1EE7FC6F00457055 /* SteeringWheel.m */ = {isa = PBXFileReference; fileEncoding = 4; lastKnownFileType = sourcecode.c.objc; path = SteeringWheel.m; sourceTree = "<group>"; };
		C18DCF751EC2B15C003AD61B /* ExpressionViewController.h */ = {isa = PBXFileReference; fileEncoding = 4; lastKnownFileType = sourcecode.c.h; path = ExpressionViewController.h; sourceTree = "<group>"; };
		C18DCF761EC2B15C003AD61B /* ExpressionViewController.m */ = {isa = PBXFileReference; fileEncoding = 4; lastKnownFileType = sourcecode.c.objc; path = ExpressionViewController.m; sourceTree = "<group>"; };
		C18DCF781EC2B7E2003AD61B /* ExpressionViewModel.h */ = {isa = PBXFileReference; fileEncoding = 4; lastKnownFileType = sourcecode.c.h; path = ExpressionViewModel.h; sourceTree = "<group>"; };
		C18DCF791EC2B7E2003AD61B /* ExpressionViewModel.m */ = {isa = PBXFileReference; fileEncoding = 4; lastKnownFileType = sourcecode.c.objc; path = ExpressionViewModel.m; sourceTree = "<group>"; };
		C18DCF7C1EC3148A003AD61B /* VoiceView.xib */ = {isa = PBXFileReference; fileEncoding = 4; lastKnownFileType = file.xib; path = VoiceView.xib; sourceTree = "<group>"; };
		C18DCF7F1EC31842003AD61B /* HuntingView.xib */ = {isa = PBXFileReference; fileEncoding = 4; lastKnownFileType = file.xib; path = HuntingView.xib; sourceTree = "<group>"; };
		C18E515A1EE67BE400857FA7 /* ScenarioSimulation.xib */ = {isa = PBXFileReference; fileEncoding = 4; lastKnownFileType = file.xib; path = ScenarioSimulation.xib; sourceTree = "<group>"; };
		C18E515C1EE67C2F00857FA7 /* ScenarioSimulation.h */ = {isa = PBXFileReference; fileEncoding = 4; lastKnownFileType = sourcecode.c.h; path = ScenarioSimulation.h; sourceTree = "<group>"; };
		C18E515D1EE67C2F00857FA7 /* ScenarioSimulation.m */ = {isa = PBXFileReference; fileEncoding = 4; lastKnownFileType = sourcecode.c.objc; path = ScenarioSimulation.m; sourceTree = "<group>"; };
		C18E51601EE6A05800857FA7 /* SerialGATT.h */ = {isa = PBXFileReference; fileEncoding = 4; lastKnownFileType = sourcecode.c.h; path = SerialGATT.h; sourceTree = "<group>"; };
		C18E51611EE6A05800857FA7 /* SerialGATT.m */ = {isa = PBXFileReference; fileEncoding = 4; lastKnownFileType = sourcecode.c.objc; path = SerialGATT.m; sourceTree = "<group>"; };
		C18E51621EE6A05800857FA7 /* XYSerialManage.h */ = {isa = PBXFileReference; fileEncoding = 4; lastKnownFileType = sourcecode.c.h; path = XYSerialManage.h; sourceTree = "<group>"; };
		C18E51631EE6A05800857FA7 /* XYSerialManage.m */ = {isa = PBXFileReference; fileEncoding = 4; lastKnownFileType = sourcecode.c.objc; path = XYSerialManage.m; sourceTree = "<group>"; };
		C18E51671EE6ABE200857FA7 /* OperationController.h */ = {isa = PBXFileReference; fileEncoding = 4; lastKnownFileType = sourcecode.c.h; path = OperationController.h; sourceTree = "<group>"; };
		C18E51681EE6ABE200857FA7 /* OperationController.m */ = {isa = PBXFileReference; fileEncoding = 4; lastKnownFileType = sourcecode.c.objc; path = OperationController.m; sourceTree = "<group>"; };
		C18E516A1EE6AD7600857FA7 /* OperationView.h */ = {isa = PBXFileReference; fileEncoding = 4; lastKnownFileType = sourcecode.c.h; path = OperationView.h; sourceTree = "<group>"; };
		C18E516B1EE6AD7600857FA7 /* OperationView.m */ = {isa = PBXFileReference; fileEncoding = 4; lastKnownFileType = sourcecode.c.objc; path = OperationView.m; sourceTree = "<group>"; };
		C18E516D1EE6ADAE00857FA7 /* OperationView.xib */ = {isa = PBXFileReference; fileEncoding = 4; lastKnownFileType = file.xib; path = OperationView.xib; sourceTree = "<group>"; };
		C18F59BA1EBC3E0E00D16CA7 /* SetingViewController.h */ = {isa = PBXFileReference; fileEncoding = 4; lastKnownFileType = sourcecode.c.h; path = SetingViewController.h; sourceTree = "<group>"; };
		C18F59BB1EBC3E0E00D16CA7 /* SetingViewController.m */ = {isa = PBXFileReference; fileEncoding = 4; lastKnownFileType = sourcecode.c.objc; path = SetingViewController.m; sourceTree = "<group>"; };
		C18F59BD1EBC692900D16CA7 /* SetingViewModel.h */ = {isa = PBXFileReference; fileEncoding = 4; lastKnownFileType = sourcecode.c.h; path = SetingViewModel.h; sourceTree = "<group>"; };
		C18F59BE1EBC692900D16CA7 /* SetingViewModel.m */ = {isa = PBXFileReference; fileEncoding = 4; lastKnownFileType = sourcecode.c.objc; path = SetingViewModel.m; sourceTree = "<group>"; };
		C18F59C01EBC7C2D00D16CA7 /* PrefixHeader.pch */ = {isa = PBXFileReference; lastKnownFileType = sourcecode.c.h; path = PrefixHeader.pch; sourceTree = "<group>"; };
		C192280D1EA5B62300B0166D /* 小奥新版.app */ = {isa = PBXFileReference; explicitFileType = wrapper.application; includeInIndex = 0; path = "小奥新版.app"; sourceTree = BUILT_PRODUCTS_DIR; };
		C19228111EA5B62300B0166D /* main.m */ = {isa = PBXFileReference; lastKnownFileType = sourcecode.c.objc; path = main.m; sourceTree = "<group>"; };
		C19228131EA5B62300B0166D /* AppDelegate.h */ = {isa = PBXFileReference; lastKnownFileType = sourcecode.c.h; path = AppDelegate.h; sourceTree = "<group>"; };
		C19228141EA5B62300B0166D /* AppDelegate.m */ = {isa = PBXFileReference; lastKnownFileType = sourcecode.c.objc; path = AppDelegate.m; sourceTree = "<group>"; };
		C19228161EA5B62300B0166D /* MainViewController.h */ = {isa = PBXFileReference; lastKnownFileType = sourcecode.c.h; path = MainViewController.h; sourceTree = "<group>"; };
		C19228171EA5B62300B0166D /* MainViewController.m */ = {isa = PBXFileReference; lastKnownFileType = sourcecode.c.objc; path = MainViewController.m; sourceTree = "<group>"; };
		C192281A1EA5B62300B0166D /* Base */ = {isa = PBXFileReference; lastKnownFileType = file.storyboard; name = Base; path = Base.lproj/Main.storyboard; sourceTree = "<group>"; };
		C192281C1EA5B62300B0166D /* Assets.xcassets */ = {isa = PBXFileReference; lastKnownFileType = folder.assetcatalog; path = Assets.xcassets; sourceTree = "<group>"; };
		C192281F1EA5B62300B0166D /* Base */ = {isa = PBXFileReference; lastKnownFileType = file.storyboard; name = Base; path = Base.lproj/LaunchScreen.storyboard; sourceTree = "<group>"; };
		C19228211EA5B62300B0166D /* Info.plist */ = {isa = PBXFileReference; lastKnownFileType = text.plist.xml; path = Info.plist; sourceTree = "<group>"; };
		C19228261EA5B62400B0166D /* 小奥新版Tests.xctest */ = {isa = PBXFileReference; explicitFileType = wrapper.cfbundle; includeInIndex = 0; path = "小奥新版Tests.xctest"; sourceTree = BUILT_PRODUCTS_DIR; };
		C192282A1EA5B62400B0166D /* ____Tests.m */ = {isa = PBXFileReference; lastKnownFileType = sourcecode.c.objc; path = "____Tests.m"; sourceTree = "<group>"; };
		C192282C1EA5B62400B0166D /* Info.plist */ = {isa = PBXFileReference; lastKnownFileType = text.plist.xml; path = Info.plist; sourceTree = "<group>"; };
		C19228311EA5B62400B0166D /* 小奥新版UITests.xctest */ = {isa = PBXFileReference; explicitFileType = wrapper.cfbundle; includeInIndex = 0; path = "小奥新版UITests.xctest"; sourceTree = BUILT_PRODUCTS_DIR; };
		C19228351EA5B62400B0166D /* ____UITests.m */ = {isa = PBXFileReference; lastKnownFileType = sourcecode.c.objc; path = "____UITests.m"; sourceTree = "<group>"; };
		C19228371EA5B62400B0166D /* Info.plist */ = {isa = PBXFileReference; lastKnownFileType = text.plist.xml; path = Info.plist; sourceTree = "<group>"; };
		C19228481EA5C3E500B0166D /* MainView.xib */ = {isa = PBXFileReference; fileEncoding = 4; lastKnownFileType = file.xib; path = MainView.xib; sourceTree = "<group>"; };
		C192284A1EA5C4CF00B0166D /* HeadView.xib */ = {isa = PBXFileReference; fileEncoding = 4; lastKnownFileType = file.xib; path = HeadView.xib; sourceTree = "<group>"; };
		C192284F1EA5C54200B0166D /* MainView.h */ = {isa = PBXFileReference; fileEncoding = 4; lastKnownFileType = sourcecode.c.h; path = MainView.h; sourceTree = "<group>"; };
		C19228501EA5C54200B0166D /* MainView.m */ = {isa = PBXFileReference; fileEncoding = 4; lastKnownFileType = sourcecode.c.objc; path = MainView.m; sourceTree = "<group>"; };
		C19228521EA5EA9400B0166D /* HeadView.h */ = {isa = PBXFileReference; fileEncoding = 4; lastKnownFileType = sourcecode.c.h; path = HeadView.h; sourceTree = "<group>"; };
		C19228531EA5EA9400B0166D /* HeadView.m */ = {isa = PBXFileReference; fileEncoding = 4; lastKnownFileType = sourcecode.c.objc; path = HeadView.m; sourceTree = "<group>"; };
		C19228551EA5FD6900B0166D /* iCarousel.h */ = {isa = PBXFileReference; fileEncoding = 4; lastKnownFileType = sourcecode.c.h; path = iCarousel.h; sourceTree = "<group>"; };
		C19228561EA5FD6900B0166D /* iCarousel.m */ = {isa = PBXFileReference; fileEncoding = 4; lastKnownFileType = sourcecode.c.objc; path = iCarousel.m; sourceTree = "<group>"; };
		C19228581EA617DF00B0166D /* NSMutableArray+Queue.h */ = {isa = PBXFileReference; fileEncoding = 4; lastKnownFileType = sourcecode.c.h; path = "NSMutableArray+Queue.h"; sourceTree = "<group>"; };
		C19228591EA617DF00B0166D /* NSMutableArray+Queue.m */ = {isa = PBXFileReference; fileEncoding = 4; lastKnownFileType = sourcecode.c.objc; path = "NSMutableArray+Queue.m"; sourceTree = "<group>"; };
		C192285B1EA6188C00B0166D /* MainViewModel.h */ = {isa = PBXFileReference; fileEncoding = 4; lastKnownFileType = sourcecode.c.h; path = MainViewModel.h; sourceTree = "<group>"; };
		C192285C1EA6188C00B0166D /* MainViewModel.m */ = {isa = PBXFileReference; fileEncoding = 4; lastKnownFileType = sourcecode.c.objc; path = MainViewModel.m; sourceTree = "<group>"; };
		C1937D641EC55235007EC7B7 /* SiriView.h */ = {isa = PBXFileReference; fileEncoding = 4; lastKnownFileType = sourcecode.c.h; path = SiriView.h; sourceTree = "<group>"; };
		C1937D651EC55235007EC7B7 /* SiriView.m */ = {isa = PBXFileReference; fileEncoding = 4; lastKnownFileType = sourcecode.c.objc; path = SiriView.m; sourceTree = "<group>"; };
		C19421E71EBD604900220B8B /* FaceView.h */ = {isa = PBXFileReference; fileEncoding = 4; lastKnownFileType = sourcecode.c.h; path = FaceView.h; sourceTree = "<group>"; };
		C19421E81EBD604900220B8B /* FaceView.m */ = {isa = PBXFileReference; fileEncoding = 4; lastKnownFileType = sourcecode.c.objc; path = FaceView.m; sourceTree = "<group>"; };
		C19421E91EBD604900220B8B /* LittleItem.h */ = {isa = PBXFileReference; fileEncoding = 4; lastKnownFileType = sourcecode.c.h; path = LittleItem.h; sourceTree = "<group>"; };
		C19421EA1EBD604900220B8B /* LittleItem.m */ = {isa = PBXFileReference; fileEncoding = 4; lastKnownFileType = sourcecode.c.objc; path = LittleItem.m; sourceTree = "<group>"; };
		C19421F01EBD617F00220B8B /* EditFaceView.h */ = {isa = PBXFileReference; fileEncoding = 4; lastKnownFileType = sourcecode.c.h; path = EditFaceView.h; sourceTree = "<group>"; };
		C19421F11EBD617F00220B8B /* EditFaceView.m */ = {isa = PBXFileReference; fileEncoding = 4; lastKnownFileType = sourcecode.c.objc; path = EditFaceView.m; sourceTree = "<group>"; };
		C19421F31EBD61B200220B8B /* EditFaceView.xib */ = {isa = PBXFileReference; fileEncoding = 4; lastKnownFileType = file.xib; path = EditFaceView.xib; sourceTree = "<group>"; };
		C19421F51EBD699100220B8B /* EditFaceViewController.h */ = {isa = PBXFileReference; fileEncoding = 4; lastKnownFileType = sourcecode.c.h; path = EditFaceViewController.h; sourceTree = "<group>"; };
		C19421F61EBD699100220B8B /* EditFaceViewController.m */ = {isa = PBXFileReference; fileEncoding = 4; lastKnownFileType = sourcecode.c.objc; path = EditFaceViewController.m; sourceTree = "<group>"; };
		C19421F81EBD7B4B00220B8B /* EditFaceViewModel.h */ = {isa = PBXFileReference; fileEncoding = 4; lastKnownFileType = sourcecode.c.h; path = EditFaceViewModel.h; sourceTree = "<group>"; };
		C19421F91EBD7B4B00220B8B /* EditFaceViewModel.m */ = {isa = PBXFileReference; fileEncoding = 4; lastKnownFileType = sourcecode.c.objc; path = EditFaceViewModel.m; sourceTree = "<group>"; };
		C19421FC1EBDA69600220B8B /* DrawingView.xib */ = {isa = PBXFileReference; fileEncoding = 4; lastKnownFileType = file.xib; path = DrawingView.xib; sourceTree = "<group>"; };
		C19421FE1EBDA73800220B8B /* DrawingView.h */ = {isa = PBXFileReference; fileEncoding = 4; lastKnownFileType = sourcecode.c.h; path = DrawingView.h; sourceTree = "<group>"; };
		C19421FF1EBDA73800220B8B /* DrawingView.m */ = {isa = PBXFileReference; fileEncoding = 4; lastKnownFileType = sourcecode.c.objc; path = DrawingView.m; sourceTree = "<group>"; };
		C19422011EBDBF8300220B8B /* XYDirectionCalculate.c */ = {isa = PBXFileReference; fileEncoding = 4; lastKnownFileType = sourcecode.c.c; path = XYDirectionCalculate.c; sourceTree = "<group>"; };
		C19422021EBDBF8300220B8B /* XYDirectionCalculate.h */ = {isa = PBXFileReference; fileEncoding = 4; lastKnownFileType = sourcecode.c.h; path = XYDirectionCalculate.h; sourceTree = "<group>"; };
		C19422031EBDBF8300220B8B /* CanvasLayer.h */ = {isa = PBXFileReference; fileEncoding = 4; lastKnownFileType = sourcecode.c.h; path = CanvasLayer.h; sourceTree = "<group>"; };
		C19422041EBDBF8300220B8B /* CanvasLayer.m */ = {isa = PBXFileReference; fileEncoding = 4; lastKnownFileType = sourcecode.c.objc; path = CanvasLayer.m; sourceTree = "<group>"; };
		C19422051EBDBF8300220B8B /* HMView.h */ = {isa = PBXFileReference; fileEncoding = 4; lastKnownFileType = sourcecode.c.h; path = HMView.h; sourceTree = "<group>"; };
		C19422061EBDBF8300220B8B /* HMView.m */ = {isa = PBXFileReference; fileEncoding = 4; lastKnownFileType = sourcecode.c.objc; path = HMView.m; sourceTree = "<group>"; };
		C19422071EBDBF8300220B8B /* HMBezierPath.h */ = {isa = PBXFileReference; fileEncoding = 4; lastKnownFileType = sourcecode.c.h; path = HMBezierPath.h; sourceTree = "<group>"; };
		C19422081EBDBF8300220B8B /* HMBezierPath.m */ = {isa = PBXFileReference; fileEncoding = 4; lastKnownFileType = sourcecode.c.objc; path = HMBezierPath.m; sourceTree = "<group>"; };
		C194220E1EBDC14F00220B8B /* DrawingViewController.h */ = {isa = PBXFileReference; fileEncoding = 4; lastKnownFileType = sourcecode.c.h; path = DrawingViewController.h; sourceTree = "<group>"; };
		C194220F1EBDC14F00220B8B /* DrawingViewController.m */ = {isa = PBXFileReference; fileEncoding = 4; lastKnownFileType = sourcecode.c.objc; path = DrawingViewController.m; sourceTree = "<group>"; };
		C19802DC1EE8FE51006E0855 /* SaveOpration.xib */ = {isa = PBXFileReference; fileEncoding = 4; lastKnownFileType = file.xib; path = SaveOpration.xib; sourceTree = "<group>"; };
		C19849011EAF1B42006F3625 /* MessageRoute.h */ = {isa = PBXFileReference; fileEncoding = 4; lastKnownFileType = sourcecode.c.h; path = MessageRoute.h; sourceTree = "<group>"; };
		C19849021EAF1B43006F3625 /* MessageRoute.m */ = {isa = PBXFileReference; fileEncoding = 4; lastKnownFileType = sourcecode.c.objc; path = MessageRoute.m; sourceTree = "<group>"; };
		C19964F71EE4EBCB00650FC7 /* FindMapView.xib */ = {isa = PBXFileReference; fileEncoding = 4; lastKnownFileType = file.xib; path = FindMapView.xib; sourceTree = "<group>"; };
		C19964F91EE4EC1700650FC7 /* FindMapView.m */ = {isa = PBXFileReference; fileEncoding = 4; lastKnownFileType = sourcecode.c.objc; path = FindMapView.m; sourceTree = "<group>"; };
		C19964FB1EE4EC3000650FC7 /* FindMapView.h */ = {isa = PBXFileReference; lastKnownFileType = sourcecode.c.h; path = FindMapView.h; sourceTree = "<group>"; };
		C19964FC1EE4F68000650FC7 /* FindMapViewController.h */ = {isa = PBXFileReference; fileEncoding = 4; lastKnownFileType = sourcecode.c.h; path = FindMapViewController.h; sourceTree = "<group>"; };
		C19964FD1EE4F68000650FC7 /* FindMapViewController.m */ = {isa = PBXFileReference; fileEncoding = 4; lastKnownFileType = sourcecode.c.objc; path = FindMapViewController.m; sourceTree = "<group>"; };
		C19964FF1EE51FC900650FC7 /* DrawLine.h */ = {isa = PBXFileReference; fileEncoding = 4; lastKnownFileType = sourcecode.c.h; path = DrawLine.h; sourceTree = "<group>"; };
		C19965001EE51FC900650FC7 /* DrawLine.m */ = {isa = PBXFileReference; fileEncoding = 4; lastKnownFileType = sourcecode.c.objc; path = DrawLine.m; sourceTree = "<group>"; };
		C19B14AD1EBB285B00CB9B86 /* SetingView.xib */ = {isa = PBXFileReference; fileEncoding = 4; lastKnownFileType = file.xib; path = SetingView.xib; sourceTree = "<group>"; };
		C19CE7D01ECBE907007091B5 /* NetWork.h */ = {isa = PBXFileReference; fileEncoding = 4; lastKnownFileType = sourcecode.c.h; path = NetWork.h; sourceTree = "<group>"; };
		C19CE7D11ECBE907007091B5 /* NetWork.m */ = {isa = PBXFileReference; fileEncoding = 4; lastKnownFileType = sourcecode.c.objc; path = NetWork.m; sourceTree = "<group>"; };
		C19CE7D31ECC2759007091B5 /* BDVoiceRecognitionClientResources */ = {isa = PBXFileReference; lastKnownFileType = folder; path = BDVoiceRecognitionClientResources; sourceTree = "<group>"; };
		C19CE7D61ECC27BE007091B5 /* VoicesViewController.h */ = {isa = PBXFileReference; fileEncoding = 4; lastKnownFileType = sourcecode.c.h; path = VoicesViewController.h; sourceTree = "<group>"; };
		C19CE7D71ECC27BE007091B5 /* VoicesViewController.mm */ = {isa = PBXFileReference; fileEncoding = 4; lastKnownFileType = sourcecode.cpp.objcpp; path = VoicesViewController.mm; sourceTree = "<group>"; };
		C19CE7D81ECC27BE007091B5 /* BDVRSConfig.h */ = {isa = PBXFileReference; fileEncoding = 4; lastKnownFileType = sourcecode.c.h; path = BDVRSConfig.h; sourceTree = "<group>"; };
		C19CE7D91ECC27BE007091B5 /* BDVRSConfig.m */ = {isa = PBXFileReference; fileEncoding = 4; lastKnownFileType = sourcecode.c.objc; path = BDVRSConfig.m; sourceTree = "<group>"; };
		C19CE7DC1ECC27BE007091B5 /* CADebugMacros.cpp */ = {isa = PBXFileReference; fileEncoding = 4; lastKnownFileType = sourcecode.cpp.cpp; path = CADebugMacros.cpp; sourceTree = "<group>"; };
		C19CE7DD1ECC27BE007091B5 /* CADebugMacros.h */ = {isa = PBXFileReference; fileEncoding = 4; lastKnownFileType = sourcecode.c.h; path = CADebugMacros.h; sourceTree = "<group>"; };
		C19CE7DE1ECC27BE007091B5 /* CAMath.h */ = {isa = PBXFileReference; fileEncoding = 4; lastKnownFileType = sourcecode.c.h; path = CAMath.h; sourceTree = "<group>"; };
		C19CE7DF1ECC27BE007091B5 /* CAStreamBasicDescription.cpp */ = {isa = PBXFileReference; fileEncoding = 4; lastKnownFileType = sourcecode.cpp.cpp; path = CAStreamBasicDescription.cpp; sourceTree = "<group>"; };
		C19CE7E01ECC27BE007091B5 /* CAStreamBasicDescription.h */ = {isa = PBXFileReference; fileEncoding = 4; lastKnownFileType = sourcecode.c.h; path = CAStreamBasicDescription.h; sourceTree = "<group>"; };
		C19CE7E11ECC27BE007091B5 /* CAXException.cpp */ = {isa = PBXFileReference; fileEncoding = 4; lastKnownFileType = sourcecode.cpp.cpp; path = CAXException.cpp; sourceTree = "<group>"; };
		C19CE7E21ECC27BE007091B5 /* CAXException.h */ = {isa = PBXFileReference; fileEncoding = 4; lastKnownFileType = sourcecode.c.h; path = CAXException.h; sourceTree = "<group>"; };
		C19CE7E41ECC27BE007091B5 /* s_1 */ = {isa = PBXFileReference; lastKnownFileType = file; path = s_1; sourceTree = "<group>"; };
		C19CE7E51ECC27BE007091B5 /* s_2_InputMethod */ = {isa = PBXFileReference; lastKnownFileType = file; path = s_2_InputMethod; sourceTree = "<group>"; };
		C19CE7E61ECC27BE007091B5 /* s_2_Navi */ = {isa = PBXFileReference; lastKnownFileType = file; path = s_2_Navi; sourceTree = "<group>"; };
		C19CE7E81ECC27BE007091B5 /* bdasr_temp_license.dat */ = {isa = PBXFileReference; fileEncoding = 4; lastKnownFileType = text; path = bdasr_temp_license.dat; sourceTree = "<group>"; };
		C19CE7EA1ECC27BE007091B5 /* TTTAttributedLabel.h */ = {isa = PBXFileReference; fileEncoding = 4; lastKnownFileType = sourcecode.c.h; path = TTTAttributedLabel.h; sourceTree = "<group>"; };
		C19CE7EB1ECC27BE007091B5 /* TTTAttributedLabel.m */ = {isa = PBXFileReference; fileEncoding = 4; lastKnownFileType = sourcecode.c.objc; path = TTTAttributedLabel.m; sourceTree = "<group>"; };
		C19CE7ED1ECC27BE007091B5 /* libBDVoiceRecognitionClient.a */ = {isa = PBXFileReference; lastKnownFileType = archive.ar; path = libBDVoiceRecognitionClient.a; sourceTree = "<group>"; };
		C19CE7EF1ECC27BE007091B5 /* BDRecognizerViewController.h */ = {isa = PBXFileReference; fileEncoding = 4; lastKnownFileType = sourcecode.c.h; path = BDRecognizerViewController.h; sourceTree = "<group>"; };
		C19CE7F01ECC27BE007091B5 /* BDRecognizerViewDelegate.h */ = {isa = PBXFileReference; fileEncoding = 4; lastKnownFileType = sourcecode.c.h; path = BDRecognizerViewDelegate.h; sourceTree = "<group>"; };
		C19CE7F11ECC27BE007091B5 /* BDRecognizerViewParamsObject.h */ = {isa = PBXFileReference; fileEncoding = 4; lastKnownFileType = sourcecode.c.h; path = BDRecognizerViewParamsObject.h; sourceTree = "<group>"; };
		C19CE7F21ECC27BE007091B5 /* BDTheme.h */ = {isa = PBXFileReference; fileEncoding = 4; lastKnownFileType = sourcecode.c.h; path = BDTheme.h; sourceTree = "<group>"; };
		C19CE7F31ECC27BE007091B5 /* BDVoiceRecognitionClient.h */ = {isa = PBXFileReference; fileEncoding = 4; lastKnownFileType = sourcecode.c.h; path = BDVoiceRecognitionClient.h; sourceTree = "<group>"; };
		C19CE7F41ECC27BE007091B5 /* BDVRDataUploader.h */ = {isa = PBXFileReference; fileEncoding = 4; lastKnownFileType = sourcecode.c.h; path = BDVRDataUploader.h; sourceTree = "<group>"; };
		C19CE7F51ECC27BE007091B5 /* BDVRFileRecognizer.h */ = {isa = PBXFileReference; fileEncoding = 4; lastKnownFileType = sourcecode.c.h; path = BDVRFileRecognizer.h; sourceTree = "<group>"; };
		C19CE7F61ECC27BE007091B5 /* BDVRRawDataRecognizer.h */ = {isa = PBXFileReference; fileEncoding = 4; lastKnownFileType = sourcecode.c.h; path = BDVRRawDataRecognizer.h; sourceTree = "<group>"; };
		C19CE7F71ECC27BE007091B5 /* BDVRUIPromptTextCustom.h */ = {isa = PBXFileReference; fileEncoding = 4; lastKnownFileType = sourcecode.c.h; path = BDVRUIPromptTextCustom.h; sourceTree = "<group>"; };
		C19CE7F81ECC27BE007091B5 /* NSMutableArray+Queue.h */ = {isa = PBXFileReference; fileEncoding = 4; lastKnownFileType = sourcecode.c.h; path = "NSMutableArray+Queue.h"; sourceTree = "<group>"; };
		C19CE7F91ECC27BE007091B5 /* NSMutableArray+Queue.m */ = {isa = PBXFileReference; fileEncoding = 4; lastKnownFileType = sourcecode.c.objc; path = "NSMutableArray+Queue.m"; sourceTree = "<group>"; };
		C19CE8061ECC28A3007091B5 /* CoreTelephony.framework */ = {isa = PBXFileReference; lastKnownFileType = wrapper.framework; name = CoreTelephony.framework; path = System/Library/Frameworks/CoreTelephony.framework; sourceTree = SDKROOT; };
		C19CE8081ECC28BA007091B5 /* CoreText.framework */ = {isa = PBXFileReference; lastKnownFileType = wrapper.framework; name = CoreText.framework; path = System/Library/Frameworks/CoreText.framework; sourceTree = SDKROOT; };
		C19CE80A1ECC28C6007091B5 /* GLKit.framework */ = {isa = PBXFileReference; lastKnownFileType = wrapper.framework; name = GLKit.framework; path = System/Library/Frameworks/GLKit.framework; sourceTree = SDKROOT; };
		C19CE80C1ECC28D8007091B5 /* QuartzCore.framework */ = {isa = PBXFileReference; lastKnownFileType = wrapper.framework; name = QuartzCore.framework; path = System/Library/Frameworks/QuartzCore.framework; sourceTree = SDKROOT; };
		C19CE80E1ECC28E5007091B5 /* OpenGLES.framework */ = {isa = PBXFileReference; lastKnownFileType = wrapper.framework; name = OpenGLES.framework; path = System/Library/Frameworks/OpenGLES.framework; sourceTree = SDKROOT; };
		C19CE8101ECC28F2007091B5 /* CoreLocation.framework */ = {isa = PBXFileReference; lastKnownFileType = wrapper.framework; name = CoreLocation.framework; path = System/Library/Frameworks/CoreLocation.framework; sourceTree = SDKROOT; };
		C19CE8121ECC28FD007091B5 /* CFNetwork.framework */ = {isa = PBXFileReference; lastKnownFileType = wrapper.framework; name = CFNetwork.framework; path = System/Library/Frameworks/CFNetwork.framework; sourceTree = SDKROOT; };
		C19CE8141ECC290D007091B5 /* libz.1.tbd */ = {isa = PBXFileReference; lastKnownFileType = "sourcecode.text-based-dylib-definition"; name = libz.1.tbd; path = usr/lib/libz.1.tbd; sourceTree = SDKROOT; };
		C19CE8161ECC2916007091B5 /* Security.framework */ = {isa = PBXFileReference; lastKnownFileType = wrapper.framework; name = Security.framework; path = System/Library/Frameworks/Security.framework; sourceTree = SDKROOT; };
		C19CE8181ECC2925007091B5 /* SystemConfiguration.framework */ = {isa = PBXFileReference; lastKnownFileType = wrapper.framework; name = SystemConfiguration.framework; path = System/Library/Frameworks/SystemConfiguration.framework; sourceTree = SDKROOT; };
		C19CE81A1ECC292D007091B5 /* AVFoundation.framework */ = {isa = PBXFileReference; lastKnownFileType = wrapper.framework; name = AVFoundation.framework; path = System/Library/Frameworks/AVFoundation.framework; sourceTree = SDKROOT; };
		C19CE81C1ECC293E007091B5 /* AudioToolbox.framework */ = {isa = PBXFileReference; lastKnownFileType = wrapper.framework; name = AudioToolbox.framework; path = System/Library/Frameworks/AudioToolbox.framework; sourceTree = SDKROOT; };
		C1A156C81EC185B600E1090B /* DrawingViewModel.h */ = {isa = PBXFileReference; fileEncoding = 4; lastKnownFileType = sourcecode.c.h; path = DrawingViewModel.h; sourceTree = "<group>"; };
		C1A156C91EC185B600E1090B /* DrawingViewModel.m */ = {isa = PBXFileReference; fileEncoding = 4; lastKnownFileType = sourcecode.c.objc; path = DrawingViewModel.m; sourceTree = "<group>"; };
		C1A156CC1EC1BD0800E1090B /* ExpressionView.xib */ = {isa = PBXFileReference; fileEncoding = 4; lastKnownFileType = file.xib; path = ExpressionView.xib; sourceTree = "<group>"; };
		C1A156CE1EC1BD1E00E1090B /* ExpressionView.h */ = {isa = PBXFileReference; fileEncoding = 4; lastKnownFileType = sourcecode.c.h; path = ExpressionView.h; sourceTree = "<group>"; };
		C1A156CF1EC1BD1E00E1090B /* ExpressionView.m */ = {isa = PBXFileReference; fileEncoding = 4; lastKnownFileType = sourcecode.c.objc; path = ExpressionView.m; sourceTree = "<group>"; };
		C1A4097D1EB9821300874B8F /* MModel.h */ = {isa = PBXFileReference; fileEncoding = 4; lastKnownFileType = sourcecode.c.h; path = MModel.h; sourceTree = "<group>"; };
		C1A4097E1EB9821300874B8F /* MModel.m */ = {isa = PBXFileReference; fileEncoding = 4; lastKnownFileType = sourcecode.c.objc; path = MModel.m; sourceTree = "<group>"; };
		C1A4097F1EB9821300874B8F /* MModel+test.h */ = {isa = PBXFileReference; fileEncoding = 4; lastKnownFileType = sourcecode.c.h; path = "MModel+test.h"; sourceTree = "<group>"; };
		C1A409801EB9821300874B8F /* MModel+test.m */ = {isa = PBXFileReference; fileEncoding = 4; lastKnownFileType = sourcecode.c.objc; path = "MModel+test.m"; sourceTree = "<group>"; };
		C1A409831EB9828C00874B8F /* HYXMLParser.h */ = {isa = PBXFileReference; fileEncoding = 4; lastKnownFileType = sourcecode.c.h; path = HYXMLParser.h; sourceTree = "<group>"; };
		C1A409841EB9828C00874B8F /* HYXMLParser.m */ = {isa = PBXFileReference; fileEncoding = 4; lastKnownFileType = sourcecode.c.objc; path = HYXMLParser.m; sourceTree = "<group>"; };
		C1A409851EB9828C00874B8F /* HYXMLParserProtocol.h */ = {isa = PBXFileReference; fileEncoding = 4; lastKnownFileType = sourcecode.c.h; path = HYXMLParserProtocol.h; sourceTree = "<group>"; };
		C1A409871EB987F500874B8F /* NSNull+Safe.h */ = {isa = PBXFileReference; fileEncoding = 4; lastKnownFileType = sourcecode.c.h; path = "NSNull+Safe.h"; sourceTree = "<group>"; };
		C1A409881EB987F500874B8F /* NSNull+Safe.m */ = {isa = PBXFileReference; fileEncoding = 4; lastKnownFileType = sourcecode.c.objc; path = "NSNull+Safe.m"; sourceTree = "<group>"; };
		C1A4098A1EB9A6C000874B8F /* Route.h */ = {isa = PBXFileReference; fileEncoding = 4; lastKnownFileType = sourcecode.c.h; path = Route.h; sourceTree = "<group>"; };
		C1A4098B1EB9A6C000874B8F /* Route.m */ = {isa = PBXFileReference; fileEncoding = 4; lastKnownFileType = sourcecode.c.objc; path = Route.m; sourceTree = "<group>"; };
		C1A4098E1EB9C03000874B8F /* NSArray+Safe.h */ = {isa = PBXFileReference; fileEncoding = 4; lastKnownFileType = sourcecode.c.h; path = "NSArray+Safe.h"; sourceTree = "<group>"; };
		C1A4098F1EB9C03000874B8F /* NSArray+Safe.m */ = {isa = PBXFileReference; fileEncoding = 4; lastKnownFileType = sourcecode.c.objc; path = "NSArray+Safe.m"; sourceTree = "<group>"; };
		C1A409921EB9C41500874B8F /* SetingView.h */ = {isa = PBXFileReference; fileEncoding = 4; lastKnownFileType = sourcecode.c.h; path = SetingView.h; sourceTree = "<group>"; };
		C1A409931EB9C41500874B8F /* SetingView.m */ = {isa = PBXFileReference; fileEncoding = 4; lastKnownFileType = sourcecode.c.objc; path = SetingView.m; sourceTree = "<group>"; };
		C1FB193A1ECAA7520014830B /* SignInView.h */ = {isa = PBXFileReference; fileEncoding = 4; lastKnownFileType = sourcecode.c.h; path = SignInView.h; sourceTree = "<group>"; };
		C1FB193B1ECAA7520014830B /* SignInView.m */ = {isa = PBXFileReference; fileEncoding = 4; lastKnownFileType = sourcecode.c.objc; path = SignInView.m; sourceTree = "<group>"; };
		C1FB193C1ECAA7520014830B /* SignInView.xib */ = {isa = PBXFileReference; fileEncoding = 4; lastKnownFileType = file.xib; path = SignInView.xib; sourceTree = "<group>"; };
		C1FB193F1ECAA7DF0014830B /* SignInViewModel.h */ = {isa = PBXFileReference; fileEncoding = 4; lastKnownFileType = sourcecode.c.h; path = SignInViewModel.h; sourceTree = "<group>"; };
		C1FB19401ECAA7DF0014830B /* SignInViewModel.m */ = {isa = PBXFileReference; fileEncoding = 4; lastKnownFileType = sourcecode.c.objc; path = SignInViewModel.m; sourceTree = "<group>"; };
		E0B22A62BF581736403C8833 /* libPods-小奥新版.a */ = {isa = PBXFileReference; explicitFileType = archive.ar; includeInIndex = 0; path = "libPods-小奥新版.a"; sourceTree = BUILT_PRODUCTS_DIR; };
		FE440878A2B42E0C37A3CE08 /* Pods-小奥新版.debug.xcconfig */ = {isa = PBXFileReference; includeInIndex = 1; lastKnownFileType = text.xcconfig; name = "Pods-小奥新版.debug.xcconfig"; path = "Pods/Target Support Files/Pods-小奥新版/Pods-小奥新版.debug.xcconfig"; sourceTree = "<group>"; };
/* End PBXFileReference section */

/* Begin PBXFrameworksBuildPhase section */
		C192280A1EA5B62300B0166D /* Frameworks */ = {
			isa = PBXFrameworksBuildPhase;
			buildActionMask = 2147483647;
			files = (
				C19CE81D1ECC293E007091B5 /* AudioToolbox.framework in Frameworks */,
				C19CE81B1ECC292D007091B5 /* AVFoundation.framework in Frameworks */,
				C19CE8191ECC2925007091B5 /* SystemConfiguration.framework in Frameworks */,
				C19CE8171ECC2916007091B5 /* Security.framework in Frameworks */,
				C19CE8151ECC290D007091B5 /* libz.1.tbd in Frameworks */,
				C19CE8131ECC28FD007091B5 /* CFNetwork.framework in Frameworks */,
				C19CE8111ECC28F2007091B5 /* CoreLocation.framework in Frameworks */,
				C19CE80F1ECC28E5007091B5 /* OpenGLES.framework in Frameworks */,
				C19CE80D1ECC28D8007091B5 /* QuartzCore.framework in Frameworks */,
				C19CE80B1ECC28C6007091B5 /* GLKit.framework in Frameworks */,
				C19CE8091ECC28BA007091B5 /* CoreText.framework in Frameworks */,
				C19CE8071ECC28A3007091B5 /* CoreTelephony.framework in Frameworks */,
				1A6F9B3B5C6F680676B19AE2 /* libPods-小奥新版.a in Frameworks */,
				C19CE8041ECC27BE007091B5 /* libBDVoiceRecognitionClient.a in Frameworks */,
			);
			runOnlyForDeploymentPostprocessing = 0;
		};
		C19228231EA5B62400B0166D /* Frameworks */ = {
			isa = PBXFrameworksBuildPhase;
			buildActionMask = 2147483647;
			files = (
			);
			runOnlyForDeploymentPostprocessing = 0;
		};
		C192282E1EA5B62400B0166D /* Frameworks */ = {
			isa = PBXFrameworksBuildPhase;
			buildActionMask = 2147483647;
			files = (
			);
			runOnlyForDeploymentPostprocessing = 0;
		};
/* End PBXFrameworksBuildPhase section */

/* Begin PBXGroup section */
		192502B26E27593D65AA600F /* Pods */ = {
			isa = PBXGroup;
			children = (
				FE440878A2B42E0C37A3CE08 /* Pods-小奥新版.debug.xcconfig */,
				1A3237C18474AC201208222F /* Pods-小奥新版.release.xcconfig */,
			);
			name = Pods;
			sourceTree = "<group>";
		};
		C14CE5EF1EA884ED007AE1AE /* 提示连接 */ = {
			isa = PBXGroup;
			children = (
				C14CE5F21EA88584007AE1AE /* ConnectView.xib */,
				C14CE5F51EA887CA007AE1AE /* ConnectView.h */,
				C14CE5F61EA887CA007AE1AE /* ConnectView.m */,
			);
			name = "提示连接";
			sourceTree = "<group>";
		};
		C18379FD1ECD71720072976C /* 帮助 */ = {
			isa = PBXGroup;
			children = (
				C18379FE1ECD71970072976C /* HelpView.xib */,
				C1837A021ECD74E10072976C /* HelpView.h */,
				C1837A001ECD74C10072976C /* HelpView.m */,
			);
			name = "帮助";
			sourceTree = "<group>";
		};
		C186E9C71EAAF5EC00951E7B /* 跳舞 */ = {
			isa = PBXGroup;
			children = (
			);
			name = "跳舞";
			sourceTree = "<group>";
		};
		C18786F01EC42E1400955499 /* datastore */ = {
			isa = PBXGroup;
			children = (
				C18786F11EC42E3B00955499 /* DataStore.h */,
				C18786F21EC42E3B00955499 /* DataStore.m */,
			);
			name = datastore;
			sourceTree = "<group>";
		};
		C18DCF7B1EC31469003AD61B /* 语音 */ = {
			isa = PBXGroup;
			children = (
				C18379FA1ECD3B9F0072976C /* SiriViewController.h */,
				C18379FB1ECD3B9F0072976C /* SiriViewController.m */,
				C1937D641EC55235007EC7B7 /* SiriView.h */,
				C1937D651EC55235007EC7B7 /* SiriView.m */,
				C18DCF7C1EC3148A003AD61B /* VoiceView.xib */,
				C18786E71EC3EEEA00955499 /* VoiceView.h */,
				C18786E81EC3EEEA00955499 /* VoiceView.m */,
			);
			name = "语音";
			sourceTree = "<group>";
		};
		C18DCF7E1EC317BB003AD61B /* 寻线 */ = {
			isa = PBXGroup;
			children = (
				C18DCF7F1EC31842003AD61B /* HuntingView.xib */,
				C18786F41EC4521900955499 /* HuntingView.h */,
				C18786F51EC4521900955499 /* HuntingView.m */,
			);
			name = "寻线";
			sourceTree = "<group>";
		};
		C18E51591EE67B5800857FA7 /* 情景模拟 */ = {
			isa = PBXGroup;
			children = (
				C18E515A1EE67BE400857FA7 /* ScenarioSimulation.xib */,
				C18E515C1EE67C2F00857FA7 /* ScenarioSimulation.h */,
				C18E515D1EE67C2F00857FA7 /* ScenarioSimulation.m */,
			);
			name = "情景模拟";
			sourceTree = "<group>";
		};
		C18E515F1EE6A01900857FA7 /* serial */ = {
			isa = PBXGroup;
			children = (
				C18E51601EE6A05800857FA7 /* SerialGATT.h */,
				C18E51611EE6A05800857FA7 /* SerialGATT.m */,
				C18E51621EE6A05800857FA7 /* XYSerialManage.h */,
				C18E51631EE6A05800857FA7 /* XYSerialManage.m */,
			);
			name = serial;
			sourceTree = "<group>";
		};
		C18E51661EE6AACA00857FA7 /* 操作 */ = {
			isa = PBXGroup;
			children = (
				C189C64E1EE7FC6F00457055 /* SteeringWheel.h */,
				C189C64F1EE7FC6F00457055 /* SteeringWheel.m */,
				C18E516A1EE6AD7600857FA7 /* OperationView.h */,
				C18E516B1EE6AD7600857FA7 /* OperationView.m */,
				C19802DC1EE8FE51006E0855 /* SaveOpration.xib */,
				C189C6491EE7F4DE00457055 /* HandleSlider.xib */,
				C189C64B1EE7F79600457055 /* HandleSlider.h */,
				C189C64C1EE7F79600457055 /* HandleSlider.m */,
				C18E516D1EE6ADAE00857FA7 /* OperationView.xib */,
			);
			name = "操作";
			sourceTree = "<group>";
		};
		C19228041EA5B62200B0166D = {
			isa = PBXGroup;
			children = (
				C192280F1EA5B62300B0166D /* 小奥新版 */,
				C19228291EA5B62400B0166D /* 小奥新版Tests */,
				C19228341EA5B62400B0166D /* 小奥新版UITests */,
				C192280E1EA5B62300B0166D /* Products */,
				192502B26E27593D65AA600F /* Pods */,
				C877637A0614664E8325E833 /* Frameworks */,
			);
			sourceTree = "<group>";
		};
		C192280E1EA5B62300B0166D /* Products */ = {
			isa = PBXGroup;
			children = (
				C192280D1EA5B62300B0166D /* 小奥新版.app */,
				C19228261EA5B62400B0166D /* 小奥新版Tests.xctest */,
				C19228311EA5B62400B0166D /* 小奥新版UITests.xctest */,
			);
			name = Products;
			sourceTree = "<group>";
		};
		C192280F1EA5B62300B0166D /* 小奥新版 */ = {
			isa = PBXGroup;
			children = (
				C19CE7D51ECC2785007091B5 /* baiduVoice */,
				C19CE7D31ECC2759007091B5 /* BDVoiceRecognitionClientResources */,
				C19CE7CF1ECBE8C1007091B5 /* network */,
				C18786F01EC42E1400955499 /* datastore */,
				C19228431EA5C2BF00B0166D /* views */,
				C19228451EA5C35800B0166D /* controllers */,
				C19228471EA5C39600B0166D /* models */,
				C1A4098D1EB9BFF300874B8F /* category */,
				C19228461EA5C36D00B0166D /* others */,
				C192B4251EA6F74800DE32FD /* MyLib */,
				C19228101EA5B62300B0166D /* Supporting Files */,
			);
			path = "小奥新版";
			sourceTree = "<group>";
		};
		C19228101EA5B62300B0166D /* Supporting Files */ = {
			isa = PBXGroup;
			children = (
				C192281C1EA5B62300B0166D /* Assets.xcassets */,
				C19228111EA5B62300B0166D /* main.m */,
			);
			name = "Supporting Files";
			sourceTree = "<group>";
		};
		C19228291EA5B62400B0166D /* 小奥新版Tests */ = {
			isa = PBXGroup;
			children = (
				C192282A1EA5B62400B0166D /* ____Tests.m */,
				C192282C1EA5B62400B0166D /* Info.plist */,
			);
			path = "小奥新版Tests";
			sourceTree = "<group>";
		};
		C19228341EA5B62400B0166D /* 小奥新版UITests */ = {
			isa = PBXGroup;
			children = (
				C19228351EA5B62400B0166D /* ____UITests.m */,
				C19228371EA5B62400B0166D /* Info.plist */,
			);
			path = "小奥新版UITests";
			sourceTree = "<group>";
		};
		C19228431EA5C2BF00B0166D /* views */ = {
			isa = PBXGroup;
			children = (
				C18E51661EE6AACA00857FA7 /* 操作 */,
				C18E51591EE67B5800857FA7 /* 情景模拟 */,
				C19964F61EE4EB8300650FC7 /* 选择地图 */,
				C18379FD1ECD71720072976C /* 帮助 */,
				C1FB19391ECAA71F0014830B /* 签到 */,
				C18DCF7E1EC317BB003AD61B /* 寻线 */,
				C18DCF7B1EC31469003AD61B /* 语音 */,
				C1A156CB1EC1BCC400E1090B /* 表情 */,
				C19421FB1EBD982600220B8B /* 手绘 */,
				C19421E61EBD602300220B8B /* 自定义表情 */,
				C1A409911EB9C3D500874B8F /* 设置 */,
				C186E9C71EAAF5EC00951E7B /* 跳舞 */,
				C14CE5EF1EA884ED007AE1AE /* 提示连接 */,
				C19228441EA5C2E600B0166D /* 首页 */,
				C19228191EA5B62300B0166D /* Main.storyboard */,
				C192281E1EA5B62300B0166D /* LaunchScreen.storyboard */,
			);
			name = views;
			sourceTree = "<group>";
		};
		C19228441EA5C2E600B0166D /* 首页 */ = {
			isa = PBXGroup;
			children = (
				C19228551EA5FD6900B0166D /* iCarousel.h */,
				C19228561EA5FD6900B0166D /* iCarousel.m */,
				C19228481EA5C3E500B0166D /* MainView.xib */,
				C192284A1EA5C4CF00B0166D /* HeadView.xib */,
				C19228521EA5EA9400B0166D /* HeadView.h */,
				C19228531EA5EA9400B0166D /* HeadView.m */,
				C192284F1EA5C54200B0166D /* MainView.h */,
				C19228501EA5C54200B0166D /* MainView.m */,
			);
			name = "首页";
			sourceTree = "<group>";
		};
		C19228451EA5C35800B0166D /* controllers */ = {
			isa = PBXGroup;
			children = (
				C18DCF751EC2B15C003AD61B /* ExpressionViewController.h */,
				C18DCF761EC2B15C003AD61B /* ExpressionViewController.m */,
				C14CE5F01EA88584007AE1AE /* ConnectViewController.h */,
				C14CE5F11EA88584007AE1AE /* ConnectViewController.m */,
				C19228161EA5B62300B0166D /* MainViewController.h */,
				C19228171EA5B62300B0166D /* MainViewController.m */,
				C18F59BA1EBC3E0E00D16CA7 /* SetingViewController.h */,
				C18F59BB1EBC3E0E00D16CA7 /* SetingViewController.m */,
				C19421F51EBD699100220B8B /* EditFaceViewController.h */,
				C19421F61EBD699100220B8B /* EditFaceViewController.m */,
				C194220E1EBDC14F00220B8B /* DrawingViewController.h */,
				C194220F1EBDC14F00220B8B /* DrawingViewController.m */,
				C18786EA1EC3F83700955499 /* VoiceViewController.h */,
				C18786EB1EC3F83700955499 /* VoiceViewController.mm */,
				C18786FA1EC45C0400955499 /* HuntingViewController.h */,
				C18786FB1EC45C0400955499 /* HuntingViewController.m */,
				C19964FC1EE4F68000650FC7 /* FindMapViewController.h */,
				C19964FD1EE4F68000650FC7 /* FindMapViewController.m */,
				C18E51671EE6ABE200857FA7 /* OperationController.h */,
				C18E51681EE6ABE200857FA7 /* OperationController.m */,
			);
			name = controllers;
			sourceTree = "<group>";
		};
		C19228461EA5C36D00B0166D /* others */ = {
			isa = PBXGroup;
			children = (
				C19228131EA5B62300B0166D /* AppDelegate.h */,
				C19228141EA5B62300B0166D /* AppDelegate.m */,
				C19228211EA5B62300B0166D /* Info.plist */,
				C18F59C01EBC7C2D00D16CA7 /* PrefixHeader.pch */,
			);
			name = others;
			sourceTree = "<group>";
		};
		C19228471EA5C39600B0166D /* models */ = {
			isa = PBXGroup;
			children = (
				C1FB193F1ECAA7DF0014830B /* SignInViewModel.h */,
				C1FB19401ECAA7DF0014830B /* SignInViewModel.m */,
				C18786F71EC4554C00955499 /* HuntingViewModel.h */,
				C18786F81EC4554C00955499 /* HuntingViewModel.m */,
				C18786ED1EC40EC500955499 /* VoiceViewModel.h */,
				C18786EE1EC40EC500955499 /* VoiceViewModel.m */,
				C18DCF781EC2B7E2003AD61B /* ExpressionViewModel.h */,
				C18DCF791EC2B7E2003AD61B /* ExpressionViewModel.m */,
				C19421F81EBD7B4B00220B8B /* EditFaceViewModel.h */,
				C19421F91EBD7B4B00220B8B /* EditFaceViewModel.m */,
				C18F59BD1EBC692900D16CA7 /* SetingViewModel.h */,
				C18F59BE1EBC692900D16CA7 /* SetingViewModel.m */,
				C1A409871EB987F500874B8F /* NSNull+Safe.h */,
				C1A409881EB987F500874B8F /* NSNull+Safe.m */,
				C1A409831EB9828C00874B8F /* HYXMLParser.h */,
				C1A409841EB9828C00874B8F /* HYXMLParser.m */,
				C1A409851EB9828C00874B8F /* HYXMLParserProtocol.h */,
				C1A4097D1EB9821300874B8F /* MModel.h */,
				C1A4097E1EB9821300874B8F /* MModel.m */,
				C1A4097F1EB9821300874B8F /* MModel+test.h */,
				C1A409801EB9821300874B8F /* MModel+test.m */,
				C192285B1EA6188C00B0166D /* MainViewModel.h */,
				C192285C1EA6188C00B0166D /* MainViewModel.m */,
				C1A156C81EC185B600E1090B /* DrawingViewModel.h */,
				C1A156C91EC185B600E1090B /* DrawingViewModel.m */,
				C19964FF1EE51FC900650FC7 /* DrawLine.h */,
				C19965001EE51FC900650FC7 /* DrawLine.m */,
			);
			name = models;
			sourceTree = "<group>";
		};
		C192B4251EA6F74800DE32FD /* MyLib */ = {
			isa = PBXGroup;
			children = (
				C18E515F1EE6A01900857FA7 /* serial */,
				C1A4098A1EB9A6C000874B8F /* Route.h */,
				C1A4098B1EB9A6C000874B8F /* Route.m */,
				C19849011EAF1B42006F3625 /* MessageRoute.h */,
				C19849021EAF1B43006F3625 /* MessageRoute.m */,
				C19228581EA617DF00B0166D /* NSMutableArray+Queue.h */,
				C19228591EA617DF00B0166D /* NSMutableArray+Queue.m */,
			);
			name = MyLib;
			sourceTree = "<group>";
		};
		C19421E61EBD602300220B8B /* 自定义表情 */ = {
			isa = PBXGroup;
			children = (
				C19421E71EBD604900220B8B /* FaceView.h */,
				C19421E81EBD604900220B8B /* FaceView.m */,
				C19421E91EBD604900220B8B /* LittleItem.h */,
				C19421EA1EBD604900220B8B /* LittleItem.m */,
				C19421F01EBD617F00220B8B /* EditFaceView.h */,
				C19421F11EBD617F00220B8B /* EditFaceView.m */,
				C19421F31EBD61B200220B8B /* EditFaceView.xib */,
			);
			name = "自定义表情";
			sourceTree = "<group>";
		};
		C19421FB1EBD982600220B8B /* 手绘 */ = {
			isa = PBXGroup;
			children = (
				C194220D1EBDBF8C00220B8B /* HMView */,
				C19421FC1EBDA69600220B8B /* DrawingView.xib */,
				C19421FE1EBDA73800220B8B /* DrawingView.h */,
				C19421FF1EBDA73800220B8B /* DrawingView.m */,
			);
			name = "手绘";
			sourceTree = "<group>";
		};
		C194220D1EBDBF8C00220B8B /* HMView */ = {
			isa = PBXGroup;
			children = (
				C19422011EBDBF8300220B8B /* XYDirectionCalculate.c */,
				C19422021EBDBF8300220B8B /* XYDirectionCalculate.h */,
				C19422031EBDBF8300220B8B /* CanvasLayer.h */,
				C19422041EBDBF8300220B8B /* CanvasLayer.m */,
				C19422051EBDBF8300220B8B /* HMView.h */,
				C19422061EBDBF8300220B8B /* HMView.m */,
				C19422071EBDBF8300220B8B /* HMBezierPath.h */,
				C19422081EBDBF8300220B8B /* HMBezierPath.m */,
			);
			name = HMView;
			sourceTree = "<group>";
		};
		C19964F61EE4EB8300650FC7 /* 选择地图 */ = {
			isa = PBXGroup;
			children = (
				C19964F71EE4EBCB00650FC7 /* FindMapView.xib */,
				C19964F91EE4EC1700650FC7 /* FindMapView.m */,
				C19964FB1EE4EC3000650FC7 /* FindMapView.h */,
			);
			name = "选择地图";
			sourceTree = "<group>";
		};
		C19CE7CF1ECBE8C1007091B5 /* network */ = {
			isa = PBXGroup;
			children = (
				C19CE7D01ECBE907007091B5 /* NetWork.h */,
				C19CE7D11ECBE907007091B5 /* NetWork.m */,
			);
			name = network;
			sourceTree = "<group>";
		};
		C19CE7D51ECC2785007091B5 /* baiduVoice */ = {
			isa = PBXGroup;
			children = (
				C19CE7D61ECC27BE007091B5 /* VoicesViewController.h */,
				C19CE7D71ECC27BE007091B5 /* VoicesViewController.mm */,
				C19CE7D81ECC27BE007091B5 /* BDVRSConfig.h */,
				C19CE7D91ECC27BE007091B5 /* BDVRSConfig.m */,
				C19CE7DA1ECC27BE007091B5 /* Third-party */,
				C19CE7EC1ECC27BE007091B5 /* libBDVoiceRecognitionClient */,
				C19CE7EE1ECC27BE007091B5 /* Headers */,
			);
			name = baiduVoice;
			sourceTree = "<group>";
		};
		C19CE7DA1ECC27BE007091B5 /* Third-party */ = {
			isa = PBXGroup;
			children = (
				C19CE7DB1ECC27BE007091B5 /* CoreAudioUtility */,
				C19CE7E31ECC27BE007091B5 /* Data */,
				C19CE7E71ECC27BE007091B5 /* License */,
				C19CE7E91ECC27BE007091B5 /* TTTAttributedLabel */,
			);
			path = "Third-party";
			sourceTree = "<group>";
		};
		C19CE7DB1ECC27BE007091B5 /* CoreAudioUtility */ = {
			isa = PBXGroup;
			children = (
				C19CE7DC1ECC27BE007091B5 /* CADebugMacros.cpp */,
				C19CE7DD1ECC27BE007091B5 /* CADebugMacros.h */,
				C19CE7DE1ECC27BE007091B5 /* CAMath.h */,
				C19CE7DF1ECC27BE007091B5 /* CAStreamBasicDescription.cpp */,
				C19CE7E01ECC27BE007091B5 /* CAStreamBasicDescription.h */,
				C19CE7E11ECC27BE007091B5 /* CAXException.cpp */,
				C19CE7E21ECC27BE007091B5 /* CAXException.h */,
			);
			path = CoreAudioUtility;
			sourceTree = "<group>";
		};
		C19CE7E31ECC27BE007091B5 /* Data */ = {
			isa = PBXGroup;
			children = (
				C19CE7E41ECC27BE007091B5 /* s_1 */,
				C19CE7E51ECC27BE007091B5 /* s_2_InputMethod */,
				C19CE7E61ECC27BE007091B5 /* s_2_Navi */,
			);
			path = Data;
			sourceTree = "<group>";
		};
		C19CE7E71ECC27BE007091B5 /* License */ = {
			isa = PBXGroup;
			children = (
				C19CE7E81ECC27BE007091B5 /* bdasr_temp_license.dat */,
			);
			path = License;
			sourceTree = "<group>";
		};
		C19CE7E91ECC27BE007091B5 /* TTTAttributedLabel */ = {
			isa = PBXGroup;
			children = (
				C19CE7EA1ECC27BE007091B5 /* TTTAttributedLabel.h */,
				C19CE7EB1ECC27BE007091B5 /* TTTAttributedLabel.m */,
			);
			path = TTTAttributedLabel;
			sourceTree = "<group>";
		};
		C19CE7EC1ECC27BE007091B5 /* libBDVoiceRecognitionClient */ = {
			isa = PBXGroup;
			children = (
				C19CE7ED1ECC27BE007091B5 /* libBDVoiceRecognitionClient.a */,
			);
			path = libBDVoiceRecognitionClient;
			sourceTree = "<group>";
		};
		C19CE7EE1ECC27BE007091B5 /* Headers */ = {
			isa = PBXGroup;
			children = (
				C19CE7EF1ECC27BE007091B5 /* BDRecognizerViewController.h */,
				C19CE7F01ECC27BE007091B5 /* BDRecognizerViewDelegate.h */,
				C19CE7F11ECC27BE007091B5 /* BDRecognizerViewParamsObject.h */,
				C19CE7F21ECC27BE007091B5 /* BDTheme.h */,
				C19CE7F31ECC27BE007091B5 /* BDVoiceRecognitionClient.h */,
				C19CE7F41ECC27BE007091B5 /* BDVRDataUploader.h */,
				C19CE7F51ECC27BE007091B5 /* BDVRFileRecognizer.h */,
				C19CE7F61ECC27BE007091B5 /* BDVRRawDataRecognizer.h */,
				C19CE7F71ECC27BE007091B5 /* BDVRUIPromptTextCustom.h */,
				C19CE7F81ECC27BE007091B5 /* NSMutableArray+Queue.h */,
				C19CE7F91ECC27BE007091B5 /* NSMutableArray+Queue.m */,
			);
			path = Headers;
			sourceTree = "<group>";
		};
		C1A156CB1EC1BCC400E1090B /* 表情 */ = {
			isa = PBXGroup;
			children = (
				C1A156CC1EC1BD0800E1090B /* ExpressionView.xib */,
				C1A156CE1EC1BD1E00E1090B /* ExpressionView.h */,
				C1A156CF1EC1BD1E00E1090B /* ExpressionView.m */,
			);
			name = "表情";
			sourceTree = "<group>";
		};
		C1A4098D1EB9BFF300874B8F /* category */ = {
			isa = PBXGroup;
			children = (
				C1A4098E1EB9C03000874B8F /* NSArray+Safe.h */,
				C1A4098F1EB9C03000874B8F /* NSArray+Safe.m */,
			);
			name = category;
			sourceTree = "<group>";
		};
		C1A409911EB9C3D500874B8F /* 设置 */ = {
			isa = PBXGroup;
			children = (
				C1A409921EB9C41500874B8F /* SetingView.h */,
				C1A409931EB9C41500874B8F /* SetingView.m */,
				C19B14AD1EBB285B00CB9B86 /* SetingView.xib */,
			);
			name = "设置";
			sourceTree = "<group>";
		};
		C1FB19391ECAA71F0014830B /* 签到 */ = {
			isa = PBXGroup;
			children = (
				C1FB193A1ECAA7520014830B /* SignInView.h */,
				C1FB193B1ECAA7520014830B /* SignInView.m */,
				C1FB193C1ECAA7520014830B /* SignInView.xib */,
			);
			name = "签到";
			sourceTree = "<group>";
		};
		C877637A0614664E8325E833 /* Frameworks */ = {
			isa = PBXGroup;
			children = (
				C19CE81C1ECC293E007091B5 /* AudioToolbox.framework */,
				C19CE81A1ECC292D007091B5 /* AVFoundation.framework */,
				C19CE8181ECC2925007091B5 /* SystemConfiguration.framework */,
				C19CE8161ECC2916007091B5 /* Security.framework */,
				C19CE8141ECC290D007091B5 /* libz.1.tbd */,
				C19CE8121ECC28FD007091B5 /* CFNetwork.framework */,
				C19CE8101ECC28F2007091B5 /* CoreLocation.framework */,
				C19CE80E1ECC28E5007091B5 /* OpenGLES.framework */,
				C19CE80C1ECC28D8007091B5 /* QuartzCore.framework */,
				C19CE80A1ECC28C6007091B5 /* GLKit.framework */,
				C19CE8081ECC28BA007091B5 /* CoreText.framework */,
				C19CE8061ECC28A3007091B5 /* CoreTelephony.framework */,
				E0B22A62BF581736403C8833 /* libPods-小奥新版.a */,
			);
			name = Frameworks;
			sourceTree = "<group>";
		};
/* End PBXGroup section */

/* Begin PBXNativeTarget section */
		C192280C1EA5B62300B0166D /* 小奥新版 */ = {
			isa = PBXNativeTarget;
			buildConfigurationList = C192283A1EA5B62400B0166D /* Build configuration list for PBXNativeTarget "小奥新版" */;
			buildPhases = (
				ED58E564380AA5CE7BF27E78 /* [CP] Check Pods Manifest.lock */,
				C19228091EA5B62300B0166D /* Sources */,
				C192280A1EA5B62300B0166D /* Frameworks */,
				C192280B1EA5B62300B0166D /* Resources */,
				F5F18F661796EFFC6C38A5FD /* [CP] Embed Pods Frameworks */,
				00A17A9D07D19D4C79D1F4D4 /* [CP] Copy Pods Resources */,
			);
			buildRules = (
			);
			dependencies = (
			);
			name = "小奥新版";
			productName = "小奥新版";
			productReference = C192280D1EA5B62300B0166D /* 小奥新版.app */;
			productType = "com.apple.product-type.application";
		};
		C19228251EA5B62400B0166D /* 小奥新版Tests */ = {
			isa = PBXNativeTarget;
			buildConfigurationList = C192283D1EA5B62400B0166D /* Build configuration list for PBXNativeTarget "小奥新版Tests" */;
			buildPhases = (
				C19228221EA5B62400B0166D /* Sources */,
				C19228231EA5B62400B0166D /* Frameworks */,
				C19228241EA5B62400B0166D /* Resources */,
			);
			buildRules = (
			);
			dependencies = (
				C19228281EA5B62400B0166D /* PBXTargetDependency */,
			);
			name = "小奥新版Tests";
			productName = "小奥新版Tests";
			productReference = C19228261EA5B62400B0166D /* 小奥新版Tests.xctest */;
			productType = "com.apple.product-type.bundle.unit-test";
		};
		C19228301EA5B62400B0166D /* 小奥新版UITests */ = {
			isa = PBXNativeTarget;
			buildConfigurationList = C19228401EA5B62400B0166D /* Build configuration list for PBXNativeTarget "小奥新版UITests" */;
			buildPhases = (
				C192282D1EA5B62400B0166D /* Sources */,
				C192282E1EA5B62400B0166D /* Frameworks */,
				C192282F1EA5B62400B0166D /* Resources */,
			);
			buildRules = (
			);
			dependencies = (
				C19228331EA5B62400B0166D /* PBXTargetDependency */,
			);
			name = "小奥新版UITests";
			productName = "小奥新版UITests";
			productReference = C19228311EA5B62400B0166D /* 小奥新版UITests.xctest */;
			productType = "com.apple.product-type.bundle.ui-testing";
		};
/* End PBXNativeTarget section */

/* Begin PBXProject section */
		C19228051EA5B62200B0166D /* Project object */ = {
			isa = PBXProject;
			attributes = {
				LastUpgradeCheck = 0820;
				ORGANIZATIONNAME = RainPoll;
				TargetAttributes = {
					C192280C1EA5B62300B0166D = {
						CreatedOnToolsVersion = 8.2.1;
						DevelopmentTeam = 7QBZV3YGDE;
						ProvisioningStyle = Automatic;
					};
					C19228251EA5B62400B0166D = {
						CreatedOnToolsVersion = 8.2.1;
						DevelopmentTeam = 7QBZV3YGDE;
						ProvisioningStyle = Automatic;
						TestTargetID = C192280C1EA5B62300B0166D;
					};
					C19228301EA5B62400B0166D = {
						CreatedOnToolsVersion = 8.2.1;
						DevelopmentTeam = 7QBZV3YGDE;
						ProvisioningStyle = Automatic;
						TestTargetID = C192280C1EA5B62300B0166D;
					};
				};
			};
			buildConfigurationList = C19228081EA5B62300B0166D /* Build configuration list for PBXProject "小奥新版" */;
			compatibilityVersion = "Xcode 3.2";
			developmentRegion = English;
			hasScannedForEncodings = 0;
			knownRegions = (
				en,
				Base,
			);
			mainGroup = C19228041EA5B62200B0166D;
			productRefGroup = C192280E1EA5B62300B0166D /* Products */;
			projectDirPath = "";
			projectRoot = "";
			targets = (
				C192280C1EA5B62300B0166D /* 小奥新版 */,
				C19228251EA5B62400B0166D /* 小奥新版Tests */,
				C19228301EA5B62400B0166D /* 小奥新版UITests */,
			);
		};
/* End PBXProject section */

/* Begin PBXResourcesBuildPhase section */
		C192280B1EA5B62300B0166D /* Resources */ = {
			isa = PBXResourcesBuildPhase;
			buildActionMask = 2147483647;
			files = (
				C19228201EA5B62300B0166D /* LaunchScreen.storyboard in Resources */,
				C19CE8011ECC27BE007091B5 /* s_2_Navi in Resources */,
				C19421F41EBD61B200220B8B /* EditFaceView.xib in Resources */,
				C19B14AE1EBB285B00CB9B86 /* SetingView.xib in Resources */,
				C19802DD1EE8FE51006E0855 /* SaveOpration.xib in Resources */,
				C18E516E1EE6ADAE00857FA7 /* OperationView.xib in Resources */,
				C19CE8001ECC27BE007091B5 /* s_2_InputMethod in Resources */,
				C19228491EA5C3E500B0166D /* MainView.xib in Resources */,
				C18DCF801EC31842003AD61B /* HuntingView.xib in Resources */,
				C1A156CD1EC1BD0800E1090B /* ExpressionView.xib in Resources */,
				C192284B1EA5C4D000B0166D /* HeadView.xib in Resources */,
				C18E515B1EE67BE400857FA7 /* ScenarioSimulation.xib in Resources */,
				C14CE5F41EA88584007AE1AE /* ConnectView.xib in Resources */,
				C189C64A1EE7F4DE00457055 /* HandleSlider.xib in Resources */,
				C19964F81EE4EBCB00650FC7 /* FindMapView.xib in Resources */,
				C19CE7D41ECC2759007091B5 /* BDVoiceRecognitionClientResources in Resources */,
				C18DCF7D1EC3148A003AD61B /* VoiceView.xib in Resources */,
				C19421FD1EBDA69600220B8B /* DrawingView.xib in Resources */,
				C18379FF1ECD71970072976C /* HelpView.xib in Resources */,
				C1FB193E1ECAA7520014830B /* SignInView.xib in Resources */,
				C19CE7FF1ECC27BE007091B5 /* s_1 in Resources */,
				C192281D1EA5B62300B0166D /* Assets.xcassets in Resources */,
				C19CE8021ECC27BE007091B5 /* bdasr_temp_license.dat in Resources */,
				C192281B1EA5B62300B0166D /* Main.storyboard in Resources */,
			);
			runOnlyForDeploymentPostprocessing = 0;
		};
		C19228241EA5B62400B0166D /* Resources */ = {
			isa = PBXResourcesBuildPhase;
			buildActionMask = 2147483647;
			files = (
			);
			runOnlyForDeploymentPostprocessing = 0;
		};
		C192282F1EA5B62400B0166D /* Resources */ = {
			isa = PBXResourcesBuildPhase;
			buildActionMask = 2147483647;
			files = (
			);
			runOnlyForDeploymentPostprocessing = 0;
		};
/* End PBXResourcesBuildPhase section */

/* Begin PBXShellScriptBuildPhase section */
		00A17A9D07D19D4C79D1F4D4 /* [CP] Copy Pods Resources */ = {
			isa = PBXShellScriptBuildPhase;
			buildActionMask = 2147483647;
			files = (
			);
			inputPaths = (
			);
			name = "[CP] Copy Pods Resources";
			outputPaths = (
			);
			runOnlyForDeploymentPostprocessing = 0;
			shellPath = /bin/sh;
			shellScript = "\"${SRCROOT}/Pods/Target Support Files/Pods-小奥新版/Pods-小奥新版-resources.sh\"\n";
			showEnvVarsInLog = 0;
		};
		ED58E564380AA5CE7BF27E78 /* [CP] Check Pods Manifest.lock */ = {
			isa = PBXShellScriptBuildPhase;
			buildActionMask = 2147483647;
			files = (
			);
			inputPaths = (
			);
			name = "[CP] Check Pods Manifest.lock";
			outputPaths = (
			);
			runOnlyForDeploymentPostprocessing = 0;
			shellPath = /bin/sh;
			shellScript = "diff \"${PODS_ROOT}/../Podfile.lock\" \"${PODS_ROOT}/Manifest.lock\" > /dev/null\nif [[ $? != 0 ]] ; then\n    cat << EOM\nerror: The sandbox is not in sync with the Podfile.lock. Run 'pod install' or update your CocoaPods installation.\nEOM\n    exit 1\nfi\n";
			showEnvVarsInLog = 0;
		};
		F5F18F661796EFFC6C38A5FD /* [CP] Embed Pods Frameworks */ = {
			isa = PBXShellScriptBuildPhase;
			buildActionMask = 2147483647;
			files = (
			);
			inputPaths = (
			);
			name = "[CP] Embed Pods Frameworks";
			outputPaths = (
			);
			runOnlyForDeploymentPostprocessing = 0;
			shellPath = /bin/sh;
			shellScript = "\"${SRCROOT}/Pods/Target Support Files/Pods-小奥新版/Pods-小奥新版-frameworks.sh\"\n";
			showEnvVarsInLog = 0;
		};
/* End PBXShellScriptBuildPhase section */

/* Begin PBXSourcesBuildPhase section */
		C19228091EA5B62300B0166D /* Sources */ = {
			isa = PBXSourcesBuildPhase;
			buildActionMask = 2147483647;
			files = (
				C1A409821EB9821300874B8F /* MModel+test.m in Sources */,
				C1A4098C1EB9A6C000874B8F /* Route.m in Sources */,
				C1FB19411ECAA7DF0014830B /* SignInViewModel.m in Sources */,
				C18F59BF1EBC692900D16CA7 /* SetingViewModel.m in Sources */,
				C19422001EBDA73800220B8B /* DrawingView.m in Sources */,
				C1FB193D1ECAA7520014830B /* SignInView.m in Sources */,
				C18DCF771EC2B15C003AD61B /* ExpressionViewController.m in Sources */,
				C19228181EA5B62300B0166D /* MainViewController.m in Sources */,
				C1A156D01EC1BD1E00E1090B /* ExpressionView.m in Sources */,
				C1A156CA1EC185B600E1090B /* DrawingViewModel.m in Sources */,
				C18786F61EC4521900955499 /* HuntingView.m in Sources */,
				C19421F21EBD617F00220B8B /* EditFaceView.m in Sources */,
				C1A409811EB9821300874B8F /* MModel.m in Sources */,
				C18379FC1ECD3B9F0072976C /* SiriViewController.m in Sources */,
				C18DCF7A1EC2B7E2003AD61B /* ExpressionViewModel.m in Sources */,
				C189C6501EE7FC6F00457055 /* SteeringWheel.m in Sources */,
				C18E51651EE6A05800857FA7 /* XYSerialManage.m in Sources */,
				C192285A1EA617DF00B0166D /* NSMutableArray+Queue.m in Sources */,
				C19CE7FB1ECC27BE007091B5 /* BDVRSConfig.m in Sources */,
				C19422101EBDC14F00220B8B /* DrawingViewController.m in Sources */,
				C19964FA1EE4EC1700650FC7 /* FindMapView.m in Sources */,
				C18E51641EE6A05800857FA7 /* SerialGATT.m in Sources */,
				C18786EF1EC40EC500955499 /* VoiceViewModel.m in Sources */,
				C19422091EBDBF8300220B8B /* XYDirectionCalculate.c in Sources */,
				C1A409891EB987F500874B8F /* NSNull+Safe.m in Sources */,
				C189C64D1EE7F79600457055 /* HandleSlider.m in Sources */,
				C19228541EA5EA9400B0166D /* HeadView.m in Sources */,
				C18E51691EE6ABE200857FA7 /* OperationController.m in Sources */,
				C1A409861EB9828C00874B8F /* HYXMLParser.m in Sources */,
				C1A409941EB9C41500874B8F /* SetingView.m in Sources */,
				C18F59BC1EBC3E0E00D16CA7 /* SetingViewController.m in Sources */,
				C19CE7FA1ECC27BE007091B5 /* VoicesViewController.mm in Sources */,
				C19965011EE51FC900650FC7 /* DrawLine.m in Sources */,
				C18786F31EC42E3B00955499 /* DataStore.m in Sources */,
				C19CE7FC1ECC27BE007091B5 /* CADebugMacros.cpp in Sources */,
				C18786E91EC3EEEA00955499 /* VoiceView.m in Sources */,
				C14CE5F71EA887CA007AE1AE /* ConnectView.m in Sources */,
				C19421EE1EBD604900220B8B /* LittleItem.m in Sources */,
				C19CE7FE1ECC27BE007091B5 /* CAXException.cpp in Sources */,
				C192285D1EA6188C00B0166D /* MainViewModel.m in Sources */,
				C14CE5F31EA88584007AE1AE /* ConnectViewController.m in Sources */,
				C19228511EA5C54200B0166D /* MainView.m in Sources */,
				C19421FA1EBD7B4B00220B8B /* EditFaceViewModel.m in Sources */,
				C18E516C1EE6AD7600857FA7 /* OperationView.m in Sources */,
				C19849031EAF1B43006F3625 /* MessageRoute.m in Sources */,
				C194220A1EBDBF8300220B8B /* CanvasLayer.m in Sources */,
				C194220C1EBDBF8300220B8B /* HMBezierPath.m in Sources */,
				C18E515E1EE67C2F00857FA7 /* ScenarioSimulation.m in Sources */,
				C1A409901EB9C03000874B8F /* NSArray+Safe.m in Sources */,
				C19228571EA5FD6900B0166D /* iCarousel.m in Sources */,
				C19CE7FD1ECC27BE007091B5 /* CAStreamBasicDescription.cpp in Sources */,
				C18786EC1EC3F83700955499 /* VoiceViewController.mm in Sources */,
				C194220B1EBDBF8300220B8B /* HMView.m in Sources */,
				C19CE8051ECC27BE007091B5 /* NSMutableArray+Queue.m in Sources */,
				C18786FC1EC45C0400955499 /* HuntingViewController.m in Sources */,
				C19421ED1EBD604900220B8B /* FaceView.m in Sources */,
				C1937D661EC55235007EC7B7 /* SiriView.m in Sources */,
				C19228151EA5B62300B0166D /* AppDelegate.m in Sources */,
				C18786F91EC4554C00955499 /* HuntingViewModel.m in Sources */,
				C1837A011ECD74C10072976C /* HelpView.m in Sources */,
				C19228121EA5B62300B0166D /* main.m in Sources */,
				C19CE7D21ECBE907007091B5 /* NetWork.m in Sources */,
				C19421F71EBD699100220B8B /* EditFaceViewController.m in Sources */,
				C19964FE1EE4F68000650FC7 /* FindMapViewController.m in Sources */,
				C19CE8031ECC27BE007091B5 /* TTTAttributedLabel.m in Sources */,
			);
			runOnlyForDeploymentPostprocessing = 0;
		};
		C19228221EA5B62400B0166D /* Sources */ = {
			isa = PBXSourcesBuildPhase;
			buildActionMask = 2147483647;
			files = (
				C192282B1EA5B62400B0166D /* ____Tests.m in Sources */,
			);
			runOnlyForDeploymentPostprocessing = 0;
		};
		C192282D1EA5B62400B0166D /* Sources */ = {
			isa = PBXSourcesBuildPhase;
			buildActionMask = 2147483647;
			files = (
				C19228361EA5B62400B0166D /* ____UITests.m in Sources */,
			);
			runOnlyForDeploymentPostprocessing = 0;
		};
/* End PBXSourcesBuildPhase section */

/* Begin PBXTargetDependency section */
		C19228281EA5B62400B0166D /* PBXTargetDependency */ = {
			isa = PBXTargetDependency;
			target = C192280C1EA5B62300B0166D /* 小奥新版 */;
			targetProxy = C19228271EA5B62400B0166D /* PBXContainerItemProxy */;
		};
		C19228331EA5B62400B0166D /* PBXTargetDependency */ = {
			isa = PBXTargetDependency;
			target = C192280C1EA5B62300B0166D /* 小奥新版 */;
			targetProxy = C19228321EA5B62400B0166D /* PBXContainerItemProxy */;
		};
/* End PBXTargetDependency section */

/* Begin PBXVariantGroup section */
		C19228191EA5B62300B0166D /* Main.storyboard */ = {
			isa = PBXVariantGroup;
			children = (
				C192281A1EA5B62300B0166D /* Base */,
			);
			name = Main.storyboard;
			sourceTree = "<group>";
		};
		C192281E1EA5B62300B0166D /* LaunchScreen.storyboard */ = {
			isa = PBXVariantGroup;
			children = (
				C192281F1EA5B62300B0166D /* Base */,
			);
			name = LaunchScreen.storyboard;
			sourceTree = "<group>";
		};
/* End PBXVariantGroup section */

/* Begin XCBuildConfiguration section */
		C19228381EA5B62400B0166D /* Debug */ = {
			isa = XCBuildConfiguration;
			buildSettings = {
				ALWAYS_SEARCH_USER_PATHS = NO;
				CLANG_ANALYZER_NONNULL = YES;
				CLANG_CXX_LANGUAGE_STANDARD = "gnu++0x";
				CLANG_CXX_LIBRARY = "libc++";
				CLANG_ENABLE_MODULES = YES;
				CLANG_ENABLE_OBJC_ARC = YES;
				CLANG_WARN_BOOL_CONVERSION = YES;
				CLANG_WARN_CONSTANT_CONVERSION = YES;
				CLANG_WARN_DIRECT_OBJC_ISA_USAGE = YES_ERROR;
				CLANG_WARN_DOCUMENTATION_COMMENTS = YES;
				CLANG_WARN_EMPTY_BODY = YES;
				CLANG_WARN_ENUM_CONVERSION = YES;
				CLANG_WARN_INFINITE_RECURSION = YES;
				CLANG_WARN_INT_CONVERSION = YES;
				CLANG_WARN_OBJC_ROOT_CLASS = YES_ERROR;
				CLANG_WARN_SUSPICIOUS_MOVE = YES;
				CLANG_WARN_UNREACHABLE_CODE = YES;
				CLANG_WARN__DUPLICATE_METHOD_MATCH = YES;
				"CODE_SIGN_IDENTITY[sdk=iphoneos*]" = "iPhone Developer";
				COPY_PHASE_STRIP = NO;
				DEBUG_INFORMATION_FORMAT = dwarf;
				ENABLE_STRICT_OBJC_MSGSEND = YES;
				ENABLE_TESTABILITY = YES;
				GCC_C_LANGUAGE_STANDARD = gnu99;
				GCC_DYNAMIC_NO_PIC = NO;
				GCC_NO_COMMON_BLOCKS = YES;
				GCC_OPTIMIZATION_LEVEL = 0;
				GCC_PREPROCESSOR_DEFINITIONS = (
					"DEBUG=1",
					"$(inherited)",
				);
				GCC_WARN_64_TO_32_BIT_CONVERSION = YES;
				GCC_WARN_ABOUT_RETURN_TYPE = YES_ERROR;
				GCC_WARN_UNDECLARED_SELECTOR = YES;
				GCC_WARN_UNINITIALIZED_AUTOS = YES_AGGRESSIVE;
				GCC_WARN_UNUSED_FUNCTION = YES;
				GCC_WARN_UNUSED_VARIABLE = YES;
				IPHONEOS_DEPLOYMENT_TARGET = 10.2;
				MTL_ENABLE_DEBUG_INFO = YES;
				ONLY_ACTIVE_ARCH = YES;
				SDKROOT = iphoneos;
			};
			name = Debug;
		};
		C19228391EA5B62400B0166D /* Release */ = {
			isa = XCBuildConfiguration;
			buildSettings = {
				ALWAYS_SEARCH_USER_PATHS = NO;
				CLANG_ANALYZER_NONNULL = YES;
				CLANG_CXX_LANGUAGE_STANDARD = "gnu++0x";
				CLANG_CXX_LIBRARY = "libc++";
				CLANG_ENABLE_MODULES = YES;
				CLANG_ENABLE_OBJC_ARC = YES;
				CLANG_WARN_BOOL_CONVERSION = YES;
				CLANG_WARN_CONSTANT_CONVERSION = YES;
				CLANG_WARN_DIRECT_OBJC_ISA_USAGE = YES_ERROR;
				CLANG_WARN_DOCUMENTATION_COMMENTS = YES;
				CLANG_WARN_EMPTY_BODY = YES;
				CLANG_WARN_ENUM_CONVERSION = YES;
				CLANG_WARN_INFINITE_RECURSION = YES;
				CLANG_WARN_INT_CONVERSION = YES;
				CLANG_WARN_OBJC_ROOT_CLASS = YES_ERROR;
				CLANG_WARN_SUSPICIOUS_MOVE = YES;
				CLANG_WARN_UNREACHABLE_CODE = YES;
				CLANG_WARN__DUPLICATE_METHOD_MATCH = YES;
				"CODE_SIGN_IDENTITY[sdk=iphoneos*]" = "iPhone Developer";
				COPY_PHASE_STRIP = NO;
				DEBUG_INFORMATION_FORMAT = "dwarf-with-dsym";
				ENABLE_NS_ASSERTIONS = NO;
				ENABLE_STRICT_OBJC_MSGSEND = YES;
				GCC_C_LANGUAGE_STANDARD = gnu99;
				GCC_NO_COMMON_BLOCKS = YES;
				GCC_WARN_64_TO_32_BIT_CONVERSION = YES;
				GCC_WARN_ABOUT_RETURN_TYPE = YES_ERROR;
				GCC_WARN_UNDECLARED_SELECTOR = YES;
				GCC_WARN_UNINITIALIZED_AUTOS = YES_AGGRESSIVE;
				GCC_WARN_UNUSED_FUNCTION = YES;
				GCC_WARN_UNUSED_VARIABLE = YES;
				IPHONEOS_DEPLOYMENT_TARGET = 10.2;
				MTL_ENABLE_DEBUG_INFO = NO;
				SDKROOT = iphoneos;
				VALIDATE_PRODUCT = YES;
			};
			name = Release;
		};
		C192283B1EA5B62400B0166D /* Debug */ = {
			isa = XCBuildConfiguration;
			baseConfigurationReference = FE440878A2B42E0C37A3CE08 /* Pods-小奥新版.debug.xcconfig */;
			buildSettings = {
				ASSETCATALOG_COMPILER_APPICON_NAME = "AppIcon-1";
				DEVELOPMENT_TEAM = 7QBZV3YGDE;
				ENABLE_BITCODE = NO;
				ENABLE_STRICT_OBJC_MSGSEND = NO;
				GCC_PREFIX_HEADER = "小奥新版/PrefixHeader.pch";
				INFOPLIST_FILE = "小奥新版/Info.plist";
				IPHONEOS_DEPLOYMENT_TARGET = 10.3;
				LD_RUNPATH_SEARCH_PATHS = "$(inherited) @executable_path/Frameworks";
				LIBRARY_SEARCH_PATHS = (
					"$(inherited)",
					"$(PROJECT_DIR)/小奥新版/libBDVoiceRecognitionClient",
				);
				PRODUCT_BUNDLE_IDENTIFIER = com.alsrobort.www.Rain;
				PRODUCT_NAME = "$(TARGET_NAME)";
			};
			name = Debug;
		};
		C192283C1EA5B62400B0166D /* Release */ = {
			isa = XCBuildConfiguration;
			baseConfigurationReference = 1A3237C18474AC201208222F /* Pods-小奥新版.release.xcconfig */;
			buildSettings = {
				ASSETCATALOG_COMPILER_APPICON_NAME = "AppIcon-1";
				DEVELOPMENT_TEAM = 7QBZV3YGDE;
				ENABLE_BITCODE = NO;
				ENABLE_STRICT_OBJC_MSGSEND = NO;
				GCC_PREFIX_HEADER = "小奥新版/PrefixHeader.pch";
				INFOPLIST_FILE = "小奥新版/Info.plist";
				IPHONEOS_DEPLOYMENT_TARGET = 10.3;
				LD_RUNPATH_SEARCH_PATHS = "$(inherited) @executable_path/Frameworks";
				LIBRARY_SEARCH_PATHS = (
					"$(inherited)",
					"$(PROJECT_DIR)/小奥新版/libBDVoiceRecognitionClient",
				);
				PRODUCT_BUNDLE_IDENTIFIER = com.alsrobort.www.Rain;
				PRODUCT_NAME = "$(TARGET_NAME)";
			};
			name = Release;
		};
		C192283E1EA5B62400B0166D /* Debug */ = {
			isa = XCBuildConfiguration;
			buildSettings = {
				BUNDLE_LOADER = "$(TEST_HOST)";
				DEVELOPMENT_TEAM = 7QBZV3YGDE;
				INFOPLIST_FILE = "小奥新版Tests/Info.plist";
				LD_RUNPATH_SEARCH_PATHS = "$(inherited) @executable_path/Frameworks @loader_path/Frameworks";
				PRODUCT_BUNDLE_IDENTIFIER = "com.alsrobort.www.----Tests";
				PRODUCT_NAME = "$(TARGET_NAME)";
				TEST_HOST = "$(BUILT_PRODUCTS_DIR)/小奥新版.app/小奥新版";
			};
			name = Debug;
		};
		C192283F1EA5B62400B0166D /* Release */ = {
			isa = XCBuildConfiguration;
			buildSettings = {
				BUNDLE_LOADER = "$(TEST_HOST)";
				DEVELOPMENT_TEAM = 7QBZV3YGDE;
				INFOPLIST_FILE = "小奥新版Tests/Info.plist";
				LD_RUNPATH_SEARCH_PATHS = "$(inherited) @executable_path/Frameworks @loader_path/Frameworks";
				PRODUCT_BUNDLE_IDENTIFIER = "com.alsrobort.www.----Tests";
				PRODUCT_NAME = "$(TARGET_NAME)";
				TEST_HOST = "$(BUILT_PRODUCTS_DIR)/小奥新版.app/小奥新版";
			};
			name = Release;
		};
		C19228411EA5B62400B0166D /* Debug */ = {
			isa = XCBuildConfiguration;
			buildSettings = {
				DEVELOPMENT_TEAM = 7QBZV3YGDE;
				INFOPLIST_FILE = "小奥新版UITests/Info.plist";
				LD_RUNPATH_SEARCH_PATHS = "$(inherited) @executable_path/Frameworks @loader_path/Frameworks";
				PRODUCT_BUNDLE_IDENTIFIER = "com.alsrobort.www.----UITests";
				PRODUCT_NAME = "$(TARGET_NAME)";
				TEST_TARGET_NAME = "小奥新版";
			};
			name = Debug;
		};
		C19228421EA5B62400B0166D /* Release */ = {
			isa = XCBuildConfiguration;
			buildSettings = {
				DEVELOPMENT_TEAM = 7QBZV3YGDE;
				INFOPLIST_FILE = "小奥新版UITests/Info.plist";
				LD_RUNPATH_SEARCH_PATHS = "$(inherited) @executable_path/Frameworks @loader_path/Frameworks";
				PRODUCT_BUNDLE_IDENTIFIER = "com.alsrobort.www.----UITests";
				PRODUCT_NAME = "$(TARGET_NAME)";
				TEST_TARGET_NAME = "小奥新版";
			};
			name = Release;
		};
/* End XCBuildConfiguration section */

/* Begin XCConfigurationList section */
		C19228081EA5B62300B0166D /* Build configuration list for PBXProject "小奥新版" */ = {
			isa = XCConfigurationList;
			buildConfigurations = (
				C19228381EA5B62400B0166D /* Debug */,
				C19228391EA5B62400B0166D /* Release */,
			);
			defaultConfigurationIsVisible = 0;
			defaultConfigurationName = Release;
		};
		C192283A1EA5B62400B0166D /* Build configuration list for PBXNativeTarget "小奥新版" */ = {
			isa = XCConfigurationList;
			buildConfigurations = (
				C192283B1EA5B62400B0166D /* Debug */,
				C192283C1EA5B62400B0166D /* Release */,
			);
			defaultConfigurationIsVisible = 0;
			defaultConfigurationName = Release;
		};
		C192283D1EA5B62400B0166D /* Build configuration list for PBXNativeTarget "小奥新版Tests" */ = {
			isa = XCConfigurationList;
			buildConfigurations = (
				C192283E1EA5B62400B0166D /* Debug */,
				C192283F1EA5B62400B0166D /* Release */,
			);
			defaultConfigurationIsVisible = 0;
			defaultConfigurationName = Release;
		};
		C19228401EA5B62400B0166D /* Build configuration list for PBXNativeTarget "小奥新版UITests" */ = {
			isa = XCConfigurationList;
			buildConfigurations = (
				C19228411EA5B62400B0166D /* Debug */,
				C19228421EA5B62400B0166D /* Release */,
			);
			defaultConfigurationIsVisible = 0;
			defaultConfigurationName = Release;
		};
/* End XCConfigurationList section */
	};
	rootObject = C19228051EA5B62200B0166D /* Project object */;
}
